// !$*UTF8*$!
{
	archiveVersion = 1;
	classes = {
	};
	objectVersion = 51;
	objects = {

/* Begin PBXBuildFile section */
		47A37A22BDFBF3FC7386BA7A /* Pods_Knitting_2_0.framework in Frameworks */ = {isa = PBXBuildFile; fileRef = 9724609D9DADF9EB0D44F26B /* Pods_Knitting_2_0.framework */; };
		9909A64B264DB1640002D911 /* Project.swift in Sources */ = {isa = PBXBuildFile; fileRef = 9909A64A264DB1640002D911 /* Project.swift */; };
		9909A65F264E60A60002D911 /* Counters.swift in Sources */ = {isa = PBXBuildFile; fileRef = 9909A65E264E60A60002D911 /* Counters.swift */; };
		990C188A263A029B00D56949 /* PayWallVC.swift in Sources */ = {isa = PBXBuildFile; fileRef = 990C1888263A029B00D56949 /* PayWallVC.swift */; };
		990C188B263A029B00D56949 /* PayWallVC.xib in Resources */ = {isa = PBXBuildFile; fileRef = 990C1889263A029B00D56949 /* PayWallVC.xib */; };
		99192D57251FC208001C6720 /* CounterVC.swift in Sources */ = {isa = PBXBuildFile; fileRef = 99192D56251FC208001C6720 /* CounterVC.swift */; };
		991AD5682529268D008A6E8D /* SF-Pro-Rounded-Medium.otf in Resources */ = {isa = PBXBuildFile; fileRef = 991AD5672529268D008A6E8D /* SF-Pro-Rounded-Medium.otf */; };
		99207D2625E024290013DBF3 /* PanProject.swift in Sources */ = {isa = PBXBuildFile; fileRef = 99207D2425E024290013DBF3 /* PanProject.swift */; };
		99207D2725E024290013DBF3 /* PanProject.xib in Resources */ = {isa = PBXBuildFile; fileRef = 99207D2525E024290013DBF3 /* PanProject.xib */; };
		99207D3325E067C00013DBF3 /* SelectImageCell.swift in Sources */ = {isa = PBXBuildFile; fileRef = 99207D3125E067C00013DBF3 /* SelectImageCell.swift */; };
		99207D3425E067C00013DBF3 /* SelectImageCell.xib in Resources */ = {isa = PBXBuildFile; fileRef = 99207D3225E067C00013DBF3 /* SelectImageCell.xib */; };
		9922D123260BDB6A00960A08 /* MainButtonCell.swift in Sources */ = {isa = PBXBuildFile; fileRef = 9922D121260BDB6A00960A08 /* MainButtonCell.swift */; };
		9922D124260BDB6A00960A08 /* MainButtonCell.xib in Resources */ = {isa = PBXBuildFile; fileRef = 9922D122260BDB6A00960A08 /* MainButtonCell.xib */; };
		9936B96A25BC7911008F4443 /* BaseVC.swift in Sources */ = {isa = PBXBuildFile; fileRef = 9936B96925BC7911008F4443 /* BaseVC.swift */; };
		9936B97225BC7AB5008F4443 /* PanelNavigation.swift in Sources */ = {isa = PBXBuildFile; fileRef = 9936B97125BC7AB5008F4443 /* PanelNavigation.swift */; };
		9936B97D25BC92E3008F4443 /* BasePanVC.swift in Sources */ = {isa = PBXBuildFile; fileRef = 9936B97C25BC92E2008F4443 /* BasePanVC.swift */; };
		9936B98A25BC9324008F4443 /* PanProfileVC.swift in Sources */ = {isa = PBXBuildFile; fileRef = 9936B98825BC9324008F4443 /* PanProfileVC.swift */; };
		9936B98B25BC9324008F4443 /* PanProfileVC.xib in Resources */ = {isa = PBXBuildFile; fileRef = 9936B98925BC9324008F4443 /* PanProfileVC.xib */; };
		9936B99625BC9617008F4443 /* InformationCell.swift in Sources */ = {isa = PBXBuildFile; fileRef = 9936B99425BC9617008F4443 /* InformationCell.swift */; };
		9936B99725BC9617008F4443 /* InformationCell.xib in Resources */ = {isa = PBXBuildFile; fileRef = 9936B99525BC9617008F4443 /* InformationCell.xib */; };
		9936B9A725BCC03C008F4443 /* MainButton.swift in Sources */ = {isa = PBXBuildFile; fileRef = 9936B9A625BCC03C008F4443 /* MainButton.swift */; };
		9936B9B025BCC27E008F4443 /* BecomeProCell.swift in Sources */ = {isa = PBXBuildFile; fileRef = 9936B9AE25BCC27E008F4443 /* BecomeProCell.swift */; };
		9936B9B125BCC27E008F4443 /* BecomeProCell.xib in Resources */ = {isa = PBXBuildFile; fileRef = 9936B9AF25BCC27E008F4443 /* BecomeProCell.xib */; };
		9936B9B725BCCA80008F4443 /* BenefitCell.swift in Sources */ = {isa = PBXBuildFile; fileRef = 9936B9B525BCCA80008F4443 /* BenefitCell.swift */; };
		9936B9B825BCCA80008F4443 /* BenefitCell.xib in Resources */ = {isa = PBXBuildFile; fileRef = 9936B9B625BCCA80008F4443 /* BenefitCell.xib */; };
		9939AA61260ABFCE0094AFC3 /* SelectNameCell.swift in Sources */ = {isa = PBXBuildFile; fileRef = 9939AA5F260ABFCE0094AFC3 /* SelectNameCell.swift */; };
		9939AA62260ABFCE0094AFC3 /* SelectNameCell.xib in Resources */ = {isa = PBXBuildFile; fileRef = 9939AA60260ABFCE0094AFC3 /* SelectNameCell.xib */; };
		9939AA6E260BAF2F0094AFC3 /* SwitcherCell.swift in Sources */ = {isa = PBXBuildFile; fileRef = 9939AA6C260BAF2F0094AFC3 /* SwitcherCell.swift */; };
		9939AA6F260BAF2F0094AFC3 /* CreateCounterCell.xib in Resources */ = {isa = PBXBuildFile; fileRef = 9939AA6D260BAF2F0094AFC3 /* CreateCounterCell.xib */; };
		9939AA78260BCCE50094AFC3 /* IAP_RequiredCell.swift in Sources */ = {isa = PBXBuildFile; fileRef = 9939AA76260BCCE50094AFC3 /* IAP_RequiredCell.swift */; };
		9939AA79260BCCE50094AFC3 /* IAP_RequiredCell.xib in Resources */ = {isa = PBXBuildFile; fileRef = 9939AA77260BCCE50094AFC3 /* IAP_RequiredCell.xib */; };
		993BC15C25B4DC7C00890696 /* NotificationService.swift in Sources */ = {isa = PBXBuildFile; fileRef = 993BC15B25B4DC7C00890696 /* NotificationService.swift */; };
		993BC16025B4DC7C00890696 /* KnitNotifications.appex in Embed App Extensions */ = {isa = PBXBuildFile; fileRef = 993BC15925B4DC7C00890696 /* KnitNotifications.appex */; settings = {ATTRIBUTES = (RemoveHeadersOnCopy, ); }; };
		994300B1252A27FF0065EF5C /* UIViewController.swift in Sources */ = {isa = PBXBuildFile; fileRef = 994300B0252A27FF0065EF5C /* UIViewController.swift */; };
		99454021260AB1C300F0EC3E /* ImageCollectionViewCell.swift in Sources */ = {isa = PBXBuildFile; fileRef = 9945401F260AB1C300F0EC3E /* ImageCollectionViewCell.swift */; };
		99454022260AB1C300F0EC3E /* ImageCollectionViewCell.xib in Resources */ = {isa = PBXBuildFile; fileRef = 99454020260AB1C300F0EC3E /* ImageCollectionViewCell.xib */; };
		994EF7142514B424009AA35B /* MainSetionHeader.swift in Sources */ = {isa = PBXBuildFile; fileRef = 994EF7132514B423009AA35B /* MainSetionHeader.swift */; };
		9959471E250A582B00D0E273 /* MUser.swift in Sources */ = {isa = PBXBuildFile; fileRef = 9959471D250A582B00D0E273 /* MUser.swift */; };
		99594720250AD91F00D0E273 /* MainVC.swift in Sources */ = {isa = PBXBuildFile; fileRef = 9959471F250AD91F00D0E273 /* MainVC.swift */; };
		9962BDDC263B416C00DD8B22 /* FullScreenNavigation.swift in Sources */ = {isa = PBXBuildFile; fileRef = 9962BDDB263B416C00DD8B22 /* FullScreenNavigation.swift */; };
		9964A868252B82A600D35398 /* addDoneCancelToolBar.swift in Sources */ = {isa = PBXBuildFile; fileRef = 9964A867252B82A600D35398 /* addDoneCancelToolBar.swift */; };
		9965A1D7264D0C56003C8B75 /* UICollectionView+Extension .swift in Sources */ = {isa = PBXBuildFile; fileRef = 9965A1D6264D0C56003C8B75 /* UICollectionView+Extension .swift */; };
		9965A1DE264D0CED003C8B75 /* ErrorCell.swift in Sources */ = {isa = PBXBuildFile; fileRef = 9965A1DC264D0CED003C8B75 /* ErrorCell.swift */; };
		9965A1DF264D0CED003C8B75 /* ErrorCell.xib in Resources */ = {isa = PBXBuildFile; fileRef = 9965A1DD264D0CED003C8B75 /* ErrorCell.xib */; };
		9965A1E9264D12CD003C8B75 /* CollectionCellWithSwipe.swift in Sources */ = {isa = PBXBuildFile; fileRef = 9965A1E8264D12CD003C8B75 /* CollectionCellWithSwipe.swift */; };
		996FAF2C2508245D00209228 /* EntryVM.swift in Sources */ = {isa = PBXBuildFile; fileRef = 996FAF2B2508245D00209228 /* EntryVM.swift */; };
		9974DF5025A206540036C971 /* Analytics.swift in Sources */ = {isa = PBXBuildFile; fileRef = 9974DF4F25A206540036C971 /* Analytics.swift */; };
		9978DDD7253E12C200659DC1 /* MPage.swift in Sources */ = {isa = PBXBuildFile; fileRef = 9978DDD6253E12C200659DC1 /* MPage.swift */; };
		998AED40255C4B6800507F02 /* Localize.swift in Sources */ = {isa = PBXBuildFile; fileRef = 998AED3F255C4B6800507F02 /* Localize.swift */; };
		998AED44255C4C2E00507F02 /* String + LocalizeBundle.swift in Sources */ = {isa = PBXBuildFile; fileRef = 998AED43255C4C2E00507F02 /* String + LocalizeBundle.swift */; };
		998AED48255C4CA300507F02 /* String+LocalizedBundleTableName.swift in Sources */ = {isa = PBXBuildFile; fileRef = 998AED47255C4CA300507F02 /* String+LocalizedBundleTableName.swift */; };
		998AED4F255C4D8600507F02 /* Localizable.strings in Resources */ = {isa = PBXBuildFile; fileRef = 998AED51255C4D8600507F02 /* Localizable.strings */; };
		998B9F85250BCAFA00C0C52F /* UIWindow.swift in Sources */ = {isa = PBXBuildFile; fileRef = 998B9F84250BCAFA00C0C52F /* UIWindow.swift */; };
		998B9F87250C1E2B00C0C52F /* MainVM.swift in Sources */ = {isa = PBXBuildFile; fileRef = 998B9F86250C1E2B00C0C52F /* MainVM.swift */; };
		998B9F89250C255600C0C52F /* MProject.swift in Sources */ = {isa = PBXBuildFile; fileRef = 998B9F88250C255600C0C52F /* MProject.swift */; };
		998B9F8B250C2FA100C0C52F /* ForgotPassVC.swift in Sources */ = {isa = PBXBuildFile; fileRef = 998B9F8A250C2FA100C0C52F /* ForgotPassVC.swift */; };
		998B9F8D250C2FBB00C0C52F /* ForgotPassVM.swift in Sources */ = {isa = PBXBuildFile; fileRef = 998B9F8C250C2FBB00C0C52F /* ForgotPassVM.swift */; };
		998B9F8F250D817000C0C52F /* ProjectCell.swift in Sources */ = {isa = PBXBuildFile; fileRef = 998B9F8E250D817000C0C52F /* ProjectCell.swift */; };
		998B9F91250D81BE00C0C52F /* SwipeableCell.swift in Sources */ = {isa = PBXBuildFile; fileRef = 998B9F90250D81BE00C0C52F /* SwipeableCell.swift */; };
		998B9F93250E1CD300C0C52F /* MSection.swift in Sources */ = {isa = PBXBuildFile; fileRef = 998B9F92250E1CD300C0C52F /* MSection.swift */; };
		999A80D5264B3F9E001FDA28 /* ProjectsController.swift in Sources */ = {isa = PBXBuildFile; fileRef = 999A80D4264B3F9E001FDA28 /* ProjectsController.swift */; };
		99A0708F26123B7100366972 /* RecieptValidator.swift in Sources */ = {isa = PBXBuildFile; fileRef = 99A0708E26123B7100366972 /* RecieptValidator.swift */; };
		99A0709C26123C8B00366972 /* pkcs7_union_accessors.m in Sources */ = {isa = PBXBuildFile; fileRef = 99A0709326123BB700366972 /* pkcs7_union_accessors.m */; };
		99A070A026123D1A00366972 /* IAP_Products.swift in Sources */ = {isa = PBXBuildFile; fileRef = 99A0709F26123D1A00366972 /* IAP_Products.swift */; };
		99A070A426123D3200366972 /* IAP_Manager.swift in Sources */ = {isa = PBXBuildFile; fileRef = 99A070A326123D3200366972 /* IAP_Manager.swift */; };
		99A070C826130E1100366972 /* Loader.swift in Sources */ = {isa = PBXBuildFile; fileRef = 99A070C726130E1100366972 /* Loader.swift */; };
		99A070CE2613184400366972 /* DefaultImageStr.swift in Sources */ = {isa = PBXBuildFile; fileRef = 99A070CD2613184400366972 /* DefaultImageStr.swift */; };
		99A7C55E264AF30D00FDDAEB /* ProjectsView.swift in Sources */ = {isa = PBXBuildFile; fileRef = 99A7C55C264AF30D00FDDAEB /* ProjectsView.swift */; };
		99A7C565264B038900FDDAEB /* LoadingCell.swift in Sources */ = {isa = PBXBuildFile; fileRef = 99A7C563264B038900FDDAEB /* LoadingCell.swift */; };
		99A7C566264B038900FDDAEB /* LoadingCell.xib in Resources */ = {isa = PBXBuildFile; fileRef = 99A7C564264B038900FDDAEB /* LoadingCell.xib */; };
		99A7C56D264B03A600FDDAEB /* NetworkManager.swift in Sources */ = {isa = PBXBuildFile; fileRef = 99A7C56C264B03A600FDDAEB /* NetworkManager.swift */; };
		99A7C577264B0AA100FDDAEB /* DTO_User.swift in Sources */ = {isa = PBXBuildFile; fileRef = 99A7C576264B0AA100FDDAEB /* DTO_User.swift */; };
		99AFBA4724F80D9E00E71FD6 /* AppDelegate.swift in Sources */ = {isa = PBXBuildFile; fileRef = 99AFBA4624F80D9E00E71FD6 /* AppDelegate.swift */; };
		99AFBA4924F80D9E00E71FD6 /* SceneDelegate.swift in Sources */ = {isa = PBXBuildFile; fileRef = 99AFBA4824F80D9E00E71FD6 /* SceneDelegate.swift */; };
		99AFBA4B24F80D9E00E71FD6 /* SignUpVC.swift in Sources */ = {isa = PBXBuildFile; fileRef = 99AFBA4A24F80D9E00E71FD6 /* SignUpVC.swift */; };
		99AFBA5024F80DA000E71FD6 /* Assets.xcassets in Resources */ = {isa = PBXBuildFile; fileRef = 99AFBA4F24F80DA000E71FD6 /* Assets.xcassets */; };
		99AFBA5324F80DA000E71FD6 /* LaunchScreen.storyboard in Resources */ = {isa = PBXBuildFile; fileRef = 99AFBA5124F80DA000E71FD6 /* LaunchScreen.storyboard */; };
		99AFBA7024F8121D00E71FD6 /* RegistrationVM.swift in Sources */ = {isa = PBXBuildFile; fileRef = 99AFBA6F24F8121D00E71FD6 /* RegistrationVM.swift */; };
		99AFBA7A24F9667F00E71FD6 /* Constants.swift in Sources */ = {isa = PBXBuildFile; fileRef = 99AFBA7924F9667F00E71FD6 /* Constants.swift */; };
		99B206722504DD8B00FA6C50 /* LogInVC.swift in Sources */ = {isa = PBXBuildFile; fileRef = 99B206712504DD8B00FA6C50 /* LogInVC.swift */; };
		99B206742504DDF700FA6C50 /* LogInVM.swift in Sources */ = {isa = PBXBuildFile; fileRef = 99B206732504DDF700FA6C50 /* LogInVM.swift */; };
		99B2067A2504F10600FA6C50 /* EntryVC.swift in Sources */ = {isa = PBXBuildFile; fileRef = 99B206792504F10600FA6C50 /* EntryVC.swift */; };
		99B2234A264153E600FB9775 /* SelectRowsCell.swift in Sources */ = {isa = PBXBuildFile; fileRef = 99B22348264153E600FB9775 /* SelectRowsCell.swift */; };
		99B2234B264153E600FB9775 /* SelectRowsCell.xib in Resources */ = {isa = PBXBuildFile; fileRef = 99B22349264153E600FB9775 /* SelectRowsCell.xib */; };
		99B223732642F05600FB9775 /* UITableViewCell+Ext.swift in Sources */ = {isa = PBXBuildFile; fileRef = 99B223722642F05600FB9775 /* UITableViewCell+Ext.swift */; };
		99B223772642FA2300FB9775 /* Fonts.swift in Sources */ = {isa = PBXBuildFile; fileRef = 99B223762642FA2300FB9775 /* Fonts.swift */; };
		99B2237F26430F3900FB9775 /* Colors.swift in Sources */ = {isa = PBXBuildFile; fileRef = 99B2237E26430F3900FB9775 /* Colors.swift */; };
		99B22385264329D900FB9775 /* Icons.swift in Sources */ = {isa = PBXBuildFile; fileRef = 99B22384264329D900FB9775 /* Icons.swift */; };
		99B223952647159500FB9775 /* SectionTitleCell.swift in Sources */ = {isa = PBXBuildFile; fileRef = 99B223932647159500FB9775 /* SectionTitleCell.swift */; };
		99B223962647159500FB9775 /* SectionTitleCell.xib in Resources */ = {isa = PBXBuildFile; fileRef = 99B223942647159500FB9775 /* SectionTitleCell.xib */; };
		99B2239C2648029900FB9775 /* SelectCell.swift in Sources */ = {isa = PBXBuildFile; fileRef = 99B2239A2648029900FB9775 /* SelectCell.swift */; };
		99B2239D2648029900FB9775 /* SelectCell.xib in Resources */ = {isa = PBXBuildFile; fileRef = 99B2239B2648029900FB9775 /* SelectCell.xib */; };
		99B223A52648089700FB9775 /* ImageCollectionCell.swift in Sources */ = {isa = PBXBuildFile; fileRef = 99B223A32648089700FB9775 /* ImageCollectionCell.swift */; };
		99B223A62648089700FB9775 /* ImageCollectionCell.xib in Resources */ = {isa = PBXBuildFile; fileRef = 99B223A42648089700FB9775 /* ImageCollectionCell.xib */; };
		99B223AC2648268B00FB9775 /* CheckCell.swift in Sources */ = {isa = PBXBuildFile; fileRef = 99B223AA2648268B00FB9775 /* CheckCell.swift */; };
		99B223AD2648268C00FB9775 /* CheckCell.xib in Resources */ = {isa = PBXBuildFile; fileRef = 99B223AB2648268B00FB9775 /* CheckCell.xib */; };
		99B509BC24FDB1D60046A2B1 /* UIViewExt.swift in Sources */ = {isa = PBXBuildFile; fileRef = 99B509BB24FDB1D60046A2B1 /* UIViewExt.swift */; };
		99B956FE25249AFE00AC5438 /* CounterSectionHeader.swift in Sources */ = {isa = PBXBuildFile; fileRef = 99B956FD25249AFE00AC5438 /* CounterSectionHeader.swift */; };
		99B957062524A0C900AC5438 /* CounterCell.swift in Sources */ = {isa = PBXBuildFile; fileRef = 99B957052524A0C900AC5438 /* CounterCell.swift */; };
		99C31FDE251F2DA200A1F75D /* CardViewControllerProtocol.swift in Sources */ = {isa = PBXBuildFile; fileRef = 99C31FDC251F2DA200A1F75D /* CardViewControllerProtocol.swift */; };
		99C31FDF251F2DA200A1F75D /* SwipeableCollectionViewCellProtocol.swift in Sources */ = {isa = PBXBuildFile; fileRef = 99C31FDD251F2DA200A1F75D /* SwipeableCollectionViewCellProtocol.swift */; };
		99C9866B264C4F83005222C7 /* NewMainView.xib in Resources */ = {isa = PBXBuildFile; fileRef = 99C9866A264C4F83005222C7 /* NewMainView.xib */; };
		99E4A1C625091FBE003CA7C9 /* GoogleService-Info.plist in Resources */ = {isa = PBXBuildFile; fileRef = 99E4A1C525091FBE003CA7C9 /* GoogleService-Info.plist */; };
		99EF88BB25191EC400C77181 /* MCounter.swift in Sources */ = {isa = PBXBuildFile; fileRef = 99EF88BA25191EC400C77181 /* MCounter.swift */; };
		99EF88BD25193F7000C77181 /* UIImage+String.swift in Sources */ = {isa = PBXBuildFile; fileRef = 99EF88BC25193F7000C77181 /* UIImage+String.swift */; };
		99EF88BF251D3A9F00C77181 /* UIDevice.swift in Sources */ = {isa = PBXBuildFile; fileRef = 99EF88BE251D3A9D00C77181 /* UIDevice.swift */; };
		99F5EF82265111BD00A7217F /* SwipeableProject.swift in Sources */ = {isa = PBXBuildFile; fileRef = 99F5EF81265111BD00A7217F /* SwipeableProject.swift */; };
		99F5EF882651288B00A7217F /* LabelView.swift in Sources */ = {isa = PBXBuildFile; fileRef = 99F5EF872651288B00A7217F /* LabelView.swift */; };
		99F5EF8F2651289E00A7217F /* LabelView.xib in Resources */ = {isa = PBXBuildFile; fileRef = 99F5EF8E2651289E00A7217F /* LabelView.xib */; };
		99F5EF9A2651804100A7217F /* ProjectView.swift in Sources */ = {isa = PBXBuildFile; fileRef = 99F5EF992651804100A7217F /* ProjectView.swift */; };
		99F5EF9E2651804C00A7217F /* ProjectView.xib in Resources */ = {isa = PBXBuildFile; fileRef = 99F5EF9D2651804C00A7217F /* ProjectView.xib */; };
		99F5EFA326518C6B00A7217F /* CounterView.swift in Sources */ = {isa = PBXBuildFile; fileRef = 99F5EFA226518C6B00A7217F /* CounterView.swift */; };
		99F5EFA726518CD900A7217F /* CounterView.xib in Resources */ = {isa = PBXBuildFile; fileRef = 99F5EFA626518CD900A7217F /* CounterView.xib */; };
		99F5EFB12651987200A7217F /* SwipeableProject.xib in Resources */ = {isa = PBXBuildFile; fileRef = 99F5EFB02651987200A7217F /* SwipeableProject.xib */; };
		99F5EFB6265198EF00A7217F /* SwipeableCounter.swift in Sources */ = {isa = PBXBuildFile; fileRef = 99F5EFB5265198EF00A7217F /* SwipeableCounter.swift */; };
		99F5EFBA2651994300A7217F /* SwipeableCounter.xib in Resources */ = {isa = PBXBuildFile; fileRef = 99F5EFB92651994300A7217F /* SwipeableCounter.xib */; };
		99F6986C2652E25800096CB2 /* CountersController.swift in Sources */ = {isa = PBXBuildFile; fileRef = 99F6986B2652E25800096CB2 /* CountersController.swift */; };
		99F698702652E29500096CB2 /* CountersView.swift in Sources */ = {isa = PBXBuildFile; fileRef = 99F6986F2652E29500096CB2 /* CountersView.swift */; };
		99F698742652E2AB00096CB2 /* CountersView.xib in Resources */ = {isa = PBXBuildFile; fileRef = 99F698732652E2AB00096CB2 /* CountersView.xib */; };
		99FC0416263DB31F00ADEEEC /* IAP_PricingCell.swift in Sources */ = {isa = PBXBuildFile; fileRef = 99FC0414263DB31F00ADEEEC /* IAP_PricingCell.swift */; };
		99FC0417263DB31F00ADEEEC /* IAP_PricingCell.xib in Resources */ = {isa = PBXBuildFile; fileRef = 99FC0415263DB31F00ADEEEC /* IAP_PricingCell.xib */; };
		99FC041D263DCB8E00ADEEEC /* StoreKit.framework in Frameworks */ = {isa = PBXBuildFile; fileRef = 99FC041C263DCB8E00ADEEEC /* StoreKit.framework */; };
		99FC0421263DCF0400ADEEEC /* AppleIncRootCertificate.cer in Resources */ = {isa = PBXBuildFile; fileRef = 99FC0420263DCF0400ADEEEC /* AppleIncRootCertificate.cer */; };
		99FC0434263F085900ADEEEC /* PanCounter.swift in Sources */ = {isa = PBXBuildFile; fileRef = 99FC0432263F085900ADEEEC /* PanCounter.swift */; };
		99FC0435263F085900ADEEEC /* PanCounter.xib in Resources */ = {isa = PBXBuildFile; fileRef = 99FC0433263F085900ADEEEC /* PanCounter.xib */; };
		E94C5CFDB12D6AF56F26B533 /* Pods_KnitNotifications.framework in Frameworks */ = {isa = PBXBuildFile; fileRef = 0DC982753C586016214E54B5 /* Pods_KnitNotifications.framework */; };
/* End PBXBuildFile section */

/* Begin PBXContainerItemProxy section */
		993BC15E25B4DC7C00890696 /* PBXContainerItemProxy */ = {
			isa = PBXContainerItemProxy;
			containerPortal = 99AFBA3B24F80D9E00E71FD6 /* Project object */;
			proxyType = 1;
			remoteGlobalIDString = 993BC15825B4DC7C00890696;
			remoteInfo = KnitNotifications;
		};
/* End PBXContainerItemProxy section */

/* Begin PBXCopyFilesBuildPhase section */
		993BC16125B4DC7C00890696 /* Embed App Extensions */ = {
			isa = PBXCopyFilesBuildPhase;
			buildActionMask = 2147483647;
			dstPath = "";
			dstSubfolderSpec = 13;
			files = (
				993BC16025B4DC7C00890696 /* KnitNotifications.appex in Embed App Extensions */,
			);
			name = "Embed App Extensions";
			runOnlyForDeploymentPostprocessing = 0;
		};
		99F268262544AD24009DDDD8 /* Embed Watch Content */ = {
			isa = PBXCopyFilesBuildPhase;
			buildActionMask = 2147483647;
			dstPath = "$(CONTENTS_FOLDER_PATH)/Watch";
			dstSubfolderSpec = 16;
			files = (
			);
			name = "Embed Watch Content";
			runOnlyForDeploymentPostprocessing = 0;
		};
/* End PBXCopyFilesBuildPhase section */

/* Begin PBXFileReference section */
		006BF2B84E86384C70DEEFD5 /* Pods-KnitNotifications.release.xcconfig */ = {isa = PBXFileReference; includeInIndex = 1; lastKnownFileType = text.xcconfig; name = "Pods-KnitNotifications.release.xcconfig"; path = "Target Support Files/Pods-KnitNotifications/Pods-KnitNotifications.release.xcconfig"; sourceTree = "<group>"; };
		0DC982753C586016214E54B5 /* Pods_KnitNotifications.framework */ = {isa = PBXFileReference; explicitFileType = wrapper.framework; includeInIndex = 0; path = Pods_KnitNotifications.framework; sourceTree = BUILT_PRODUCTS_DIR; };
		561858D2B68D4F8584D13FB1 /* Pods-Knitting_2_0.debug.xcconfig */ = {isa = PBXFileReference; includeInIndex = 1; lastKnownFileType = text.xcconfig; name = "Pods-Knitting_2_0.debug.xcconfig"; path = "Target Support Files/Pods-Knitting_2_0/Pods-Knitting_2_0.debug.xcconfig"; sourceTree = "<group>"; };
		7698782C536C99851F899950 /* Pods-KnitNotifications.debug.xcconfig */ = {isa = PBXFileReference; includeInIndex = 1; lastKnownFileType = text.xcconfig; name = "Pods-KnitNotifications.debug.xcconfig"; path = "Target Support Files/Pods-KnitNotifications/Pods-KnitNotifications.debug.xcconfig"; sourceTree = "<group>"; };
		8257CCB6BAEED5BDB6953A6E /* Pods-Knitting_2_0.release.xcconfig */ = {isa = PBXFileReference; includeInIndex = 1; lastKnownFileType = text.xcconfig; name = "Pods-Knitting_2_0.release.xcconfig"; path = "Target Support Files/Pods-Knitting_2_0/Pods-Knitting_2_0.release.xcconfig"; sourceTree = "<group>"; };
		9724609D9DADF9EB0D44F26B /* Pods_Knitting_2_0.framework */ = {isa = PBXFileReference; explicitFileType = wrapper.framework; includeInIndex = 0; path = Pods_Knitting_2_0.framework; sourceTree = BUILT_PRODUCTS_DIR; };
		9909A64A264DB1640002D911 /* Project.swift */ = {isa = PBXFileReference; lastKnownFileType = sourcecode.swift; path = Project.swift; sourceTree = "<group>"; };
		9909A65E264E60A60002D911 /* Counters.swift */ = {isa = PBXFileReference; lastKnownFileType = sourcecode.swift; path = Counters.swift; sourceTree = "<group>"; };
		990C1888263A029B00D56949 /* PayWallVC.swift */ = {isa = PBXFileReference; lastKnownFileType = sourcecode.swift; path = PayWallVC.swift; sourceTree = "<group>"; };
		990C1889263A029B00D56949 /* PayWallVC.xib */ = {isa = PBXFileReference; lastKnownFileType = file.xib; path = PayWallVC.xib; sourceTree = "<group>"; };
		99192D56251FC208001C6720 /* CounterVC.swift */ = {isa = PBXFileReference; lastKnownFileType = sourcecode.swift; path = CounterVC.swift; sourceTree = "<group>"; };
		991AD5672529268D008A6E8D /* SF-Pro-Rounded-Medium.otf */ = {isa = PBXFileReference; lastKnownFileType = file; path = "SF-Pro-Rounded-Medium.otf"; sourceTree = "<group>"; };
		99207D2425E024290013DBF3 /* PanProject.swift */ = {isa = PBXFileReference; lastKnownFileType = sourcecode.swift; path = PanProject.swift; sourceTree = "<group>"; };
		99207D2525E024290013DBF3 /* PanProject.xib */ = {isa = PBXFileReference; lastKnownFileType = file.xib; path = PanProject.xib; sourceTree = "<group>"; };
		99207D3125E067C00013DBF3 /* SelectImageCell.swift */ = {isa = PBXFileReference; lastKnownFileType = sourcecode.swift; path = SelectImageCell.swift; sourceTree = "<group>"; };
		99207D3225E067C00013DBF3 /* SelectImageCell.xib */ = {isa = PBXFileReference; lastKnownFileType = file.xib; path = SelectImageCell.xib; sourceTree = "<group>"; };
		9922D121260BDB6A00960A08 /* MainButtonCell.swift */ = {isa = PBXFileReference; lastKnownFileType = sourcecode.swift; path = MainButtonCell.swift; sourceTree = "<group>"; };
		9922D122260BDB6A00960A08 /* MainButtonCell.xib */ = {isa = PBXFileReference; lastKnownFileType = file.xib; path = MainButtonCell.xib; sourceTree = "<group>"; };
		9936B96925BC7911008F4443 /* BaseVC.swift */ = {isa = PBXFileReference; lastKnownFileType = sourcecode.swift; path = BaseVC.swift; sourceTree = "<group>"; };
		9936B97125BC7AB5008F4443 /* PanelNavigation.swift */ = {isa = PBXFileReference; lastKnownFileType = sourcecode.swift; path = PanelNavigation.swift; sourceTree = "<group>"; };
		9936B97C25BC92E2008F4443 /* BasePanVC.swift */ = {isa = PBXFileReference; lastKnownFileType = sourcecode.swift; path = BasePanVC.swift; sourceTree = "<group>"; };
		9936B98825BC9324008F4443 /* PanProfileVC.swift */ = {isa = PBXFileReference; lastKnownFileType = sourcecode.swift; path = PanProfileVC.swift; sourceTree = "<group>"; };
		9936B98925BC9324008F4443 /* PanProfileVC.xib */ = {isa = PBXFileReference; lastKnownFileType = file.xib; path = PanProfileVC.xib; sourceTree = "<group>"; };
		9936B99425BC9617008F4443 /* InformationCell.swift */ = {isa = PBXFileReference; lastKnownFileType = sourcecode.swift; path = InformationCell.swift; sourceTree = "<group>"; };
		9936B99525BC9617008F4443 /* InformationCell.xib */ = {isa = PBXFileReference; lastKnownFileType = file.xib; path = InformationCell.xib; sourceTree = "<group>"; };
		9936B9A625BCC03C008F4443 /* MainButton.swift */ = {isa = PBXFileReference; lastKnownFileType = sourcecode.swift; path = MainButton.swift; sourceTree = "<group>"; };
		9936B9AE25BCC27E008F4443 /* BecomeProCell.swift */ = {isa = PBXFileReference; lastKnownFileType = sourcecode.swift; path = BecomeProCell.swift; sourceTree = "<group>"; };
		9936B9AF25BCC27E008F4443 /* BecomeProCell.xib */ = {isa = PBXFileReference; lastKnownFileType = file.xib; path = BecomeProCell.xib; sourceTree = "<group>"; };
		9936B9B525BCCA80008F4443 /* BenefitCell.swift */ = {isa = PBXFileReference; lastKnownFileType = sourcecode.swift; path = BenefitCell.swift; sourceTree = "<group>"; };
		9936B9B625BCCA80008F4443 /* BenefitCell.xib */ = {isa = PBXFileReference; lastKnownFileType = file.xib; path = BenefitCell.xib; sourceTree = "<group>"; };
		9939AA5F260ABFCE0094AFC3 /* SelectNameCell.swift */ = {isa = PBXFileReference; lastKnownFileType = sourcecode.swift; path = SelectNameCell.swift; sourceTree = "<group>"; };
		9939AA60260ABFCE0094AFC3 /* SelectNameCell.xib */ = {isa = PBXFileReference; lastKnownFileType = file.xib; path = SelectNameCell.xib; sourceTree = "<group>"; };
		9939AA6C260BAF2F0094AFC3 /* SwitcherCell.swift */ = {isa = PBXFileReference; lastKnownFileType = sourcecode.swift; path = SwitcherCell.swift; sourceTree = "<group>"; };
		9939AA6D260BAF2F0094AFC3 /* CreateCounterCell.xib */ = {isa = PBXFileReference; lastKnownFileType = file.xib; path = CreateCounterCell.xib; sourceTree = "<group>"; };
		9939AA76260BCCE50094AFC3 /* IAP_RequiredCell.swift */ = {isa = PBXFileReference; lastKnownFileType = sourcecode.swift; path = IAP_RequiredCell.swift; sourceTree = "<group>"; };
		9939AA77260BCCE50094AFC3 /* IAP_RequiredCell.xib */ = {isa = PBXFileReference; lastKnownFileType = file.xib; path = IAP_RequiredCell.xib; sourceTree = "<group>"; };
		993BC15925B4DC7C00890696 /* KnitNotifications.appex */ = {isa = PBXFileReference; explicitFileType = "wrapper.app-extension"; includeInIndex = 0; path = KnitNotifications.appex; sourceTree = BUILT_PRODUCTS_DIR; };
		993BC15B25B4DC7C00890696 /* NotificationService.swift */ = {isa = PBXFileReference; lastKnownFileType = sourcecode.swift; path = NotificationService.swift; sourceTree = "<group>"; };
		993BC15D25B4DC7C00890696 /* Info.plist */ = {isa = PBXFileReference; lastKnownFileType = text.plist.xml; path = Info.plist; sourceTree = "<group>"; };
		993BC18025B4DD4300890696 /* KnitNotifications.entitlements */ = {isa = PBXFileReference; lastKnownFileType = text.plist.entitlements; path = KnitNotifications.entitlements; sourceTree = "<group>"; };
		994300B0252A27FF0065EF5C /* UIViewController.swift */ = {isa = PBXFileReference; lastKnownFileType = sourcecode.swift; path = UIViewController.swift; sourceTree = "<group>"; };
		9945401F260AB1C300F0EC3E /* ImageCollectionViewCell.swift */ = {isa = PBXFileReference; lastKnownFileType = sourcecode.swift; path = ImageCollectionViewCell.swift; sourceTree = "<group>"; };
		99454020260AB1C300F0EC3E /* ImageCollectionViewCell.xib */ = {isa = PBXFileReference; lastKnownFileType = file.xib; path = ImageCollectionViewCell.xib; sourceTree = "<group>"; };
		994EF7132514B423009AA35B /* MainSetionHeader.swift */ = {isa = PBXFileReference; lastKnownFileType = sourcecode.swift; path = MainSetionHeader.swift; sourceTree = "<group>"; };
		9959471D250A582B00D0E273 /* MUser.swift */ = {isa = PBXFileReference; lastKnownFileType = sourcecode.swift; path = MUser.swift; sourceTree = "<group>"; };
		9959471F250AD91F00D0E273 /* MainVC.swift */ = {isa = PBXFileReference; lastKnownFileType = sourcecode.swift; path = MainVC.swift; sourceTree = "<group>"; };
		9962BDDB263B416C00DD8B22 /* FullScreenNavigation.swift */ = {isa = PBXFileReference; lastKnownFileType = sourcecode.swift; path = FullScreenNavigation.swift; sourceTree = "<group>"; };
		9964A867252B82A600D35398 /* addDoneCancelToolBar.swift */ = {isa = PBXFileReference; lastKnownFileType = sourcecode.swift; path = addDoneCancelToolBar.swift; sourceTree = "<group>"; };
		9965A1D6264D0C56003C8B75 /* UICollectionView+Extension .swift */ = {isa = PBXFileReference; lastKnownFileType = sourcecode.swift; path = "UICollectionView+Extension .swift"; sourceTree = "<group>"; };
		9965A1DC264D0CED003C8B75 /* ErrorCell.swift */ = {isa = PBXFileReference; lastKnownFileType = sourcecode.swift; path = ErrorCell.swift; sourceTree = "<group>"; };
		9965A1DD264D0CED003C8B75 /* ErrorCell.xib */ = {isa = PBXFileReference; lastKnownFileType = file.xib; path = ErrorCell.xib; sourceTree = "<group>"; };
		9965A1E8264D12CD003C8B75 /* CollectionCellWithSwipe.swift */ = {isa = PBXFileReference; lastKnownFileType = sourcecode.swift; path = CollectionCellWithSwipe.swift; sourceTree = "<group>"; };
		996FAF2B2508245D00209228 /* EntryVM.swift */ = {isa = PBXFileReference; lastKnownFileType = sourcecode.swift; path = EntryVM.swift; sourceTree = "<group>"; };
		9974DF4F25A206540036C971 /* Analytics.swift */ = {isa = PBXFileReference; lastKnownFileType = sourcecode.swift; path = Analytics.swift; sourceTree = "<group>"; };
		9978DDD6253E12C200659DC1 /* MPage.swift */ = {isa = PBXFileReference; lastKnownFileType = sourcecode.swift; path = MPage.swift; sourceTree = "<group>"; };
		998AED3F255C4B6800507F02 /* Localize.swift */ = {isa = PBXFileReference; lastKnownFileType = sourcecode.swift; path = Localize.swift; sourceTree = "<group>"; };
		998AED43255C4C2E00507F02 /* String + LocalizeBundle.swift */ = {isa = PBXFileReference; lastKnownFileType = sourcecode.swift; path = "String + LocalizeBundle.swift"; sourceTree = "<group>"; };
		998AED47255C4CA300507F02 /* String+LocalizedBundleTableName.swift */ = {isa = PBXFileReference; lastKnownFileType = sourcecode.swift; path = "String+LocalizedBundleTableName.swift"; sourceTree = "<group>"; };
		998AED50255C4D8600507F02 /* en */ = {isa = PBXFileReference; lastKnownFileType = text.plist.strings; name = en; path = en.lproj/Localizable.strings; sourceTree = "<group>"; };
		998AED5A255C4F8F00507F02 /* ja */ = {isa = PBXFileReference; lastKnownFileType = text.plist.strings; name = ja; path = ja.lproj/LaunchScreen.strings; sourceTree = "<group>"; };
		998AED5B255C4F9000507F02 /* ja */ = {isa = PBXFileReference; lastKnownFileType = text.plist.strings; name = ja; path = ja.lproj/Localizable.strings; sourceTree = "<group>"; };
		998AED5E255C4FF100507F02 /* ko */ = {isa = PBXFileReference; lastKnownFileType = text.plist.strings; name = ko; path = ko.lproj/LaunchScreen.strings; sourceTree = "<group>"; };
		998AED5F255C4FF100507F02 /* ko */ = {isa = PBXFileReference; lastKnownFileType = text.plist.strings; name = ko; path = ko.lproj/Localizable.strings; sourceTree = "<group>"; };
		998AED60255C50EA00507F02 /* pt-BR */ = {isa = PBXFileReference; lastKnownFileType = text.plist.strings; name = "pt-BR"; path = "pt-BR.lproj/LaunchScreen.strings"; sourceTree = "<group>"; };
		998AED61255C50EA00507F02 /* pt-BR */ = {isa = PBXFileReference; lastKnownFileType = text.plist.strings; name = "pt-BR"; path = "pt-BR.lproj/Localizable.strings"; sourceTree = "<group>"; };
		998AED62255C518600507F02 /* es */ = {isa = PBXFileReference; lastKnownFileType = text.plist.strings; name = es; path = es.lproj/LaunchScreen.strings; sourceTree = "<group>"; };
		998AED63255C518600507F02 /* es */ = {isa = PBXFileReference; lastKnownFileType = text.plist.strings; name = es; path = es.lproj/Localizable.strings; sourceTree = "<group>"; };
		998AED64255C519400507F02 /* ru */ = {isa = PBXFileReference; lastKnownFileType = text.plist.strings; name = ru; path = ru.lproj/LaunchScreen.strings; sourceTree = "<group>"; };
		998AED65255C519400507F02 /* ru */ = {isa = PBXFileReference; lastKnownFileType = text.plist.strings; name = ru; path = ru.lproj/Localizable.strings; sourceTree = "<group>"; };
		998B9F84250BCAFA00C0C52F /* UIWindow.swift */ = {isa = PBXFileReference; lastKnownFileType = sourcecode.swift; path = UIWindow.swift; sourceTree = "<group>"; };
		998B9F86250C1E2B00C0C52F /* MainVM.swift */ = {isa = PBXFileReference; lastKnownFileType = sourcecode.swift; path = MainVM.swift; sourceTree = "<group>"; };
		998B9F88250C255600C0C52F /* MProject.swift */ = {isa = PBXFileReference; lastKnownFileType = sourcecode.swift; path = MProject.swift; sourceTree = "<group>"; };
		998B9F8A250C2FA100C0C52F /* ForgotPassVC.swift */ = {isa = PBXFileReference; lastKnownFileType = sourcecode.swift; path = ForgotPassVC.swift; sourceTree = "<group>"; };
		998B9F8C250C2FBB00C0C52F /* ForgotPassVM.swift */ = {isa = PBXFileReference; lastKnownFileType = sourcecode.swift; path = ForgotPassVM.swift; sourceTree = "<group>"; };
		998B9F8E250D817000C0C52F /* ProjectCell.swift */ = {isa = PBXFileReference; lastKnownFileType = sourcecode.swift; path = ProjectCell.swift; sourceTree = "<group>"; };
		998B9F90250D81BE00C0C52F /* SwipeableCell.swift */ = {isa = PBXFileReference; lastKnownFileType = sourcecode.swift; path = SwipeableCell.swift; sourceTree = "<group>"; };
		998B9F92250E1CD300C0C52F /* MSection.swift */ = {isa = PBXFileReference; lastKnownFileType = sourcecode.swift; path = MSection.swift; sourceTree = "<group>"; };
		999A80D4264B3F9E001FDA28 /* ProjectsController.swift */ = {isa = PBXFileReference; lastKnownFileType = sourcecode.swift; path = ProjectsController.swift; sourceTree = "<group>"; };
		999D789925ABC56600CB138B /* Knitting_2_0.entitlements */ = {isa = PBXFileReference; lastKnownFileType = text.plist.entitlements; path = Knitting_2_0.entitlements; sourceTree = "<group>"; };
		99A0708E26123B7100366972 /* RecieptValidator.swift */ = {isa = PBXFileReference; lastKnownFileType = sourcecode.swift; path = RecieptValidator.swift; sourceTree = "<group>"; };
		99A0709226123BB700366972 /* Knitting_2_0-Bridging-Header.h */ = {isa = PBXFileReference; lastKnownFileType = sourcecode.c.h; path = "Knitting_2_0-Bridging-Header.h"; sourceTree = "<group>"; };
		99A0709326123BB700366972 /* pkcs7_union_accessors.m */ = {isa = PBXFileReference; lastKnownFileType = sourcecode.c.objc; path = pkcs7_union_accessors.m; sourceTree = "<group>"; };
		99A0709726123BD000366972 /* pkcs7_union_accessors.h */ = {isa = PBXFileReference; lastKnownFileType = sourcecode.c.h; path = pkcs7_union_accessors.h; sourceTree = "<group>"; };
		99A0709F26123D1A00366972 /* IAP_Products.swift */ = {isa = PBXFileReference; lastKnownFileType = sourcecode.swift; path = IAP_Products.swift; sourceTree = "<group>"; };
		99A070A326123D3200366972 /* IAP_Manager.swift */ = {isa = PBXFileReference; lastKnownFileType = sourcecode.swift; path = IAP_Manager.swift; sourceTree = "<group>"; };
		99A070C726130E1100366972 /* Loader.swift */ = {isa = PBXFileReference; lastKnownFileType = sourcecode.swift; path = Loader.swift; sourceTree = "<group>"; };
		99A070CD2613184400366972 /* DefaultImageStr.swift */ = {isa = PBXFileReference; lastKnownFileType = sourcecode.swift; path = DefaultImageStr.swift; sourceTree = "<group>"; };
		99A7C55C264AF30D00FDDAEB /* ProjectsView.swift */ = {isa = PBXFileReference; lastKnownFileType = sourcecode.swift; path = ProjectsView.swift; sourceTree = "<group>"; };
		99A7C563264B038900FDDAEB /* LoadingCell.swift */ = {isa = PBXFileReference; lastKnownFileType = sourcecode.swift; path = LoadingCell.swift; sourceTree = "<group>"; };
		99A7C564264B038900FDDAEB /* LoadingCell.xib */ = {isa = PBXFileReference; lastKnownFileType = file.xib; path = LoadingCell.xib; sourceTree = "<group>"; };
		99A7C56C264B03A600FDDAEB /* NetworkManager.swift */ = {isa = PBXFileReference; lastKnownFileType = sourcecode.swift; path = NetworkManager.swift; sourceTree = "<group>"; };
		99A7C576264B0AA100FDDAEB /* DTO_User.swift */ = {isa = PBXFileReference; lastKnownFileType = sourcecode.swift; path = DTO_User.swift; sourceTree = "<group>"; };
		99AFBA4324F80D9E00E71FD6 /* Knitting_2_0.app */ = {isa = PBXFileReference; explicitFileType = wrapper.application; includeInIndex = 0; path = Knitting_2_0.app; sourceTree = BUILT_PRODUCTS_DIR; };
		99AFBA4624F80D9E00E71FD6 /* AppDelegate.swift */ = {isa = PBXFileReference; lastKnownFileType = sourcecode.swift; path = AppDelegate.swift; sourceTree = "<group>"; };
		99AFBA4824F80D9E00E71FD6 /* SceneDelegate.swift */ = {isa = PBXFileReference; lastKnownFileType = sourcecode.swift; path = SceneDelegate.swift; sourceTree = "<group>"; };
		99AFBA4A24F80D9E00E71FD6 /* SignUpVC.swift */ = {isa = PBXFileReference; lastKnownFileType = sourcecode.swift; path = SignUpVC.swift; sourceTree = "<group>"; };
		99AFBA4F24F80DA000E71FD6 /* Assets.xcassets */ = {isa = PBXFileReference; lastKnownFileType = folder.assetcatalog; path = Assets.xcassets; sourceTree = "<group>"; };
		99AFBA5224F80DA000E71FD6 /* Base */ = {isa = PBXFileReference; lastKnownFileType = file.storyboard; name = Base; path = Base.lproj/LaunchScreen.storyboard; sourceTree = "<group>"; };
		99AFBA5424F80DA000E71FD6 /* Info.plist */ = {isa = PBXFileReference; lastKnownFileType = text.plist.xml; path = Info.plist; sourceTree = "<group>"; };
		99AFBA6F24F8121D00E71FD6 /* RegistrationVM.swift */ = {isa = PBXFileReference; lastKnownFileType = sourcecode.swift; path = RegistrationVM.swift; sourceTree = "<group>"; };
		99AFBA7924F9667F00E71FD6 /* Constants.swift */ = {isa = PBXFileReference; lastKnownFileType = sourcecode.swift; path = Constants.swift; sourceTree = "<group>"; };
		99B206712504DD8B00FA6C50 /* LogInVC.swift */ = {isa = PBXFileReference; lastKnownFileType = sourcecode.swift; path = LogInVC.swift; sourceTree = "<group>"; };
		99B206732504DDF700FA6C50 /* LogInVM.swift */ = {isa = PBXFileReference; lastKnownFileType = sourcecode.swift; path = LogInVM.swift; sourceTree = "<group>"; };
		99B206792504F10600FA6C50 /* EntryVC.swift */ = {isa = PBXFileReference; lastKnownFileType = sourcecode.swift; path = EntryVC.swift; sourceTree = "<group>"; };
		99B22348264153E600FB9775 /* SelectRowsCell.swift */ = {isa = PBXFileReference; lastKnownFileType = sourcecode.swift; path = SelectRowsCell.swift; sourceTree = "<group>"; };
		99B22349264153E600FB9775 /* SelectRowsCell.xib */ = {isa = PBXFileReference; lastKnownFileType = file.xib; path = SelectRowsCell.xib; sourceTree = "<group>"; };
		99B223722642F05600FB9775 /* UITableViewCell+Ext.swift */ = {isa = PBXFileReference; lastKnownFileType = sourcecode.swift; path = "UITableViewCell+Ext.swift"; sourceTree = "<group>"; };
		99B223762642FA2300FB9775 /* Fonts.swift */ = {isa = PBXFileReference; lastKnownFileType = sourcecode.swift; path = Fonts.swift; sourceTree = "<group>"; };
		99B2237E26430F3900FB9775 /* Colors.swift */ = {isa = PBXFileReference; lastKnownFileType = sourcecode.swift; path = Colors.swift; sourceTree = "<group>"; };
		99B22384264329D900FB9775 /* Icons.swift */ = {isa = PBXFileReference; lastKnownFileType = sourcecode.swift; path = Icons.swift; sourceTree = "<group>"; };
		99B223932647159500FB9775 /* SectionTitleCell.swift */ = {isa = PBXFileReference; lastKnownFileType = sourcecode.swift; path = SectionTitleCell.swift; sourceTree = "<group>"; };
		99B223942647159500FB9775 /* SectionTitleCell.xib */ = {isa = PBXFileReference; lastKnownFileType = file.xib; path = SectionTitleCell.xib; sourceTree = "<group>"; };
		99B2239A2648029900FB9775 /* SelectCell.swift */ = {isa = PBXFileReference; lastKnownFileType = sourcecode.swift; path = SelectCell.swift; sourceTree = "<group>"; };
		99B2239B2648029900FB9775 /* SelectCell.xib */ = {isa = PBXFileReference; lastKnownFileType = file.xib; path = SelectCell.xib; sourceTree = "<group>"; };
		99B223A32648089700FB9775 /* ImageCollectionCell.swift */ = {isa = PBXFileReference; lastKnownFileType = sourcecode.swift; path = ImageCollectionCell.swift; sourceTree = "<group>"; };
		99B223A42648089700FB9775 /* ImageCollectionCell.xib */ = {isa = PBXFileReference; lastKnownFileType = file.xib; path = ImageCollectionCell.xib; sourceTree = "<group>"; };
		99B223AA2648268B00FB9775 /* CheckCell.swift */ = {isa = PBXFileReference; lastKnownFileType = sourcecode.swift; path = CheckCell.swift; sourceTree = "<group>"; };
		99B223AB2648268B00FB9775 /* CheckCell.xib */ = {isa = PBXFileReference; lastKnownFileType = file.xib; path = CheckCell.xib; sourceTree = "<group>"; };
		99B509BB24FDB1D60046A2B1 /* UIViewExt.swift */ = {isa = PBXFileReference; lastKnownFileType = sourcecode.swift; path = UIViewExt.swift; sourceTree = "<group>"; };
		99B956FD25249AFE00AC5438 /* CounterSectionHeader.swift */ = {isa = PBXFileReference; lastKnownFileType = sourcecode.swift; path = CounterSectionHeader.swift; sourceTree = "<group>"; };
		99B957052524A0C900AC5438 /* CounterCell.swift */ = {isa = PBXFileReference; lastKnownFileType = sourcecode.swift; path = CounterCell.swift; sourceTree = "<group>"; };
		99C31FDC251F2DA200A1F75D /* CardViewControllerProtocol.swift */ = {isa = PBXFileReference; fileEncoding = 4; lastKnownFileType = sourcecode.swift; path = CardViewControllerProtocol.swift; sourceTree = "<group>"; };
		99C31FDD251F2DA200A1F75D /* SwipeableCollectionViewCellProtocol.swift */ = {isa = PBXFileReference; fileEncoding = 4; lastKnownFileType = sourcecode.swift; path = SwipeableCollectionViewCellProtocol.swift; sourceTree = "<group>"; };
		99C9866A264C4F83005222C7 /* NewMainView.xib */ = {isa = PBXFileReference; lastKnownFileType = file.xib; path = NewMainView.xib; sourceTree = "<group>"; };
		99E4A1C525091FBE003CA7C9 /* GoogleService-Info.plist */ = {isa = PBXFileReference; fileEncoding = 4; lastKnownFileType = text.plist.xml; path = "GoogleService-Info.plist"; sourceTree = "<group>"; };
		99EF88BA25191EC400C77181 /* MCounter.swift */ = {isa = PBXFileReference; lastKnownFileType = sourcecode.swift; path = MCounter.swift; sourceTree = "<group>"; };
		99EF88BC25193F7000C77181 /* UIImage+String.swift */ = {isa = PBXFileReference; lastKnownFileType = sourcecode.swift; path = "UIImage+String.swift"; sourceTree = "<group>"; };
		99EF88BE251D3A9D00C77181 /* UIDevice.swift */ = {isa = PBXFileReference; lastKnownFileType = sourcecode.swift; path = UIDevice.swift; sourceTree = "<group>"; };
		99F052F825ABAD2800CFFD88 /* fr */ = {isa = PBXFileReference; lastKnownFileType = text.plist.strings; name = fr; path = fr.lproj/LaunchScreen.strings; sourceTree = "<group>"; };
		99F052F925ABAD2F00CFFD88 /* fr */ = {isa = PBXFileReference; lastKnownFileType = text.plist.strings; name = fr; path = fr.lproj/Localizable.strings; sourceTree = "<group>"; };
		99F052FC25ABB03400CFFD88 /* de */ = {isa = PBXFileReference; lastKnownFileType = text.plist.strings; name = de; path = de.lproj/LaunchScreen.strings; sourceTree = "<group>"; };
		99F052FD25ABB03400CFFD88 /* de */ = {isa = PBXFileReference; lastKnownFileType = text.plist.strings; name = de; path = de.lproj/Localizable.strings; sourceTree = "<group>"; };
		99F052FE25ABB04400CFFD88 /* it */ = {isa = PBXFileReference; lastKnownFileType = text.plist.strings; name = it; path = it.lproj/LaunchScreen.strings; sourceTree = "<group>"; };
		99F052FF25ABB04400CFFD88 /* it */ = {isa = PBXFileReference; lastKnownFileType = text.plist.strings; name = it; path = it.lproj/Localizable.strings; sourceTree = "<group>"; };
		99F5EF81265111BD00A7217F /* SwipeableProject.swift */ = {isa = PBXFileReference; lastKnownFileType = sourcecode.swift; path = SwipeableProject.swift; sourceTree = "<group>"; };
		99F5EF872651288B00A7217F /* LabelView.swift */ = {isa = PBXFileReference; lastKnownFileType = sourcecode.swift; path = LabelView.swift; sourceTree = "<group>"; };
		99F5EF8E2651289E00A7217F /* LabelView.xib */ = {isa = PBXFileReference; lastKnownFileType = file.xib; path = LabelView.xib; sourceTree = "<group>"; };
		99F5EF992651804100A7217F /* ProjectView.swift */ = {isa = PBXFileReference; lastKnownFileType = sourcecode.swift; path = ProjectView.swift; sourceTree = "<group>"; };
		99F5EF9D2651804C00A7217F /* ProjectView.xib */ = {isa = PBXFileReference; lastKnownFileType = file.xib; path = ProjectView.xib; sourceTree = "<group>"; };
		99F5EFA226518C6B00A7217F /* CounterView.swift */ = {isa = PBXFileReference; lastKnownFileType = sourcecode.swift; path = CounterView.swift; sourceTree = "<group>"; };
		99F5EFA626518CD900A7217F /* CounterView.xib */ = {isa = PBXFileReference; lastKnownFileType = file.xib; path = CounterView.xib; sourceTree = "<group>"; };
		99F5EFB02651987200A7217F /* SwipeableProject.xib */ = {isa = PBXFileReference; lastKnownFileType = file.xib; path = SwipeableProject.xib; sourceTree = "<group>"; };
		99F5EFB5265198EF00A7217F /* SwipeableCounter.swift */ = {isa = PBXFileReference; lastKnownFileType = sourcecode.swift; path = SwipeableCounter.swift; sourceTree = "<group>"; };
		99F5EFB92651994300A7217F /* SwipeableCounter.xib */ = {isa = PBXFileReference; lastKnownFileType = file.xib; path = SwipeableCounter.xib; sourceTree = "<group>"; };
		99F6986B2652E25800096CB2 /* CountersController.swift */ = {isa = PBXFileReference; lastKnownFileType = sourcecode.swift; path = CountersController.swift; sourceTree = "<group>"; };
		99F6986F2652E29500096CB2 /* CountersView.swift */ = {isa = PBXFileReference; lastKnownFileType = sourcecode.swift; path = CountersView.swift; sourceTree = "<group>"; };
		99F698732652E2AB00096CB2 /* CountersView.xib */ = {isa = PBXFileReference; lastKnownFileType = file.xib; path = CountersView.xib; sourceTree = "<group>"; };
		99FC0414263DB31F00ADEEEC /* IAP_PricingCell.swift */ = {isa = PBXFileReference; lastKnownFileType = sourcecode.swift; path = IAP_PricingCell.swift; sourceTree = "<group>"; };
		99FC0415263DB31F00ADEEEC /* IAP_PricingCell.xib */ = {isa = PBXFileReference; lastKnownFileType = file.xib; path = IAP_PricingCell.xib; sourceTree = "<group>"; };
		99FC041C263DCB8E00ADEEEC /* StoreKit.framework */ = {isa = PBXFileReference; lastKnownFileType = wrapper.framework; name = StoreKit.framework; path = System/Library/Frameworks/StoreKit.framework; sourceTree = SDKROOT; };
		99FC0420263DCF0400ADEEEC /* AppleIncRootCertificate.cer */ = {isa = PBXFileReference; lastKnownFileType = file; path = AppleIncRootCertificate.cer; sourceTree = "<group>"; };
		99FC0432263F085900ADEEEC /* PanCounter.swift */ = {isa = PBXFileReference; lastKnownFileType = sourcecode.swift; path = PanCounter.swift; sourceTree = "<group>"; };
		99FC0433263F085900ADEEEC /* PanCounter.xib */ = {isa = PBXFileReference; lastKnownFileType = file.xib; path = PanCounter.xib; sourceTree = "<group>"; };
/* End PBXFileReference section */

/* Begin PBXFrameworksBuildPhase section */
		993BC15625B4DC7C00890696 /* Frameworks */ = {
			isa = PBXFrameworksBuildPhase;
			buildActionMask = 2147483647;
			files = (
				E94C5CFDB12D6AF56F26B533 /* Pods_KnitNotifications.framework in Frameworks */,
			);
			runOnlyForDeploymentPostprocessing = 0;
		};
		99AFBA4024F80D9E00E71FD6 /* Frameworks */ = {
			isa = PBXFrameworksBuildPhase;
			buildActionMask = 2147483647;
			files = (
				47A37A22BDFBF3FC7386BA7A /* Pods_Knitting_2_0.framework in Frameworks */,
				99FC041D263DCB8E00ADEEEC /* StoreKit.framework in Frameworks */,
			);
			runOnlyForDeploymentPostprocessing = 0;
		};
/* End PBXFrameworksBuildPhase section */

/* Begin PBXGroup section */
		08A18B26175CFE69233B92F8 /* Frameworks */ = {
			isa = PBXGroup;
			children = (
				99FC041C263DCB8E00ADEEEC /* StoreKit.framework */,
				0DC982753C586016214E54B5 /* Pods_KnitNotifications.framework */,
				9724609D9DADF9EB0D44F26B /* Pods_Knitting_2_0.framework */,
			);
			name = Frameworks;
			sourceTree = "<group>";
		};
		9909A64E264DB28A0002D911 /* DTO */ = {
			isa = PBXGroup;
			children = (
				99A7C576264B0AA100FDDAEB /* DTO_User.swift */,
				9909A64A264DB1640002D911 /* Project.swift */,
				9909A65E264E60A60002D911 /* Counters.swift */,
			);
			path = DTO;
			sourceTree = "<group>";
		};
		990C1887263A025F00D56949 /* PayWall */ = {
			isa = PBXGroup;
			children = (
				990C1888263A029B00D56949 /* PayWallVC.swift */,
				990C1889263A029B00D56949 /* PayWallVC.xib */,
			);
			path = PayWall;
			sourceTree = "<group>";
		};
		99207D3025E0676B0013DBF3 /* SelectImage */ = {
			isa = PBXGroup;
			children = (
				99207D3125E067C00013DBF3 /* SelectImageCell.swift */,
				99207D3225E067C00013DBF3 /* SelectImageCell.xib */,
				99454025260AB1CC00F0EC3E /* ImageCollectionViewCell */,
			);
			path = SelectImage;
			sourceTree = "<group>";
		};
		9922D120260BDB5000960A08 /* MainButton */ = {
			isa = PBXGroup;
			children = (
				9922D121260BDB6A00960A08 /* MainButtonCell.swift */,
				9922D122260BDB6A00960A08 /* MainButtonCell.xib */,
			);
			path = MainButton;
			sourceTree = "<group>";
		};
		9936B98F25BC9452008F4443 /* PanProfile */ = {
			isa = PBXGroup;
			children = (
				9936B98825BC9324008F4443 /* PanProfileVC.swift */,
				9936B98925BC9324008F4443 /* PanProfileVC.xib */,
			);
			path = PanProfile;
			sourceTree = "<group>";
		};
		9936B99325BC959D008F4443 /* Information */ = {
			isa = PBXGroup;
			children = (
				9936B99425BC9617008F4443 /* InformationCell.swift */,
				9936B99525BC9617008F4443 /* InformationCell.xib */,
			);
			path = Information;
			sourceTree = "<group>";
		};
		9936B9A125BCBFBA008F4443 /* BecomePro */ = {
			isa = PBXGroup;
			children = (
				9936B9AE25BCC27E008F4443 /* BecomeProCell.swift */,
				9936B9AF25BCC27E008F4443 /* BecomeProCell.xib */,
			);
			path = BecomePro;
			sourceTree = "<group>";
		};
		9936B9A525BCC01D008F4443 /* UIElements */ = {
			isa = PBXGroup;
			children = (
				99A070C726130E1100366972 /* Loader.swift */,
				9936B9A625BCC03C008F4443 /* MainButton.swift */,
				99A070CD2613184400366972 /* DefaultImageStr.swift */,
			);
			path = UIElements;
			sourceTree = "<group>";
		};
		9936B9BC25BCCA87008F4443 /* Benefit */ = {
			isa = PBXGroup;
			children = (
				9936B9B525BCCA80008F4443 /* BenefitCell.swift */,
				9936B9B625BCCA80008F4443 /* BenefitCell.xib */,
			);
			path = Benefit;
			sourceTree = "<group>";
		};
		9939AA52260ABEE00094AFC3 /* SelectName */ = {
			isa = PBXGroup;
			children = (
				9939AA5F260ABFCE0094AFC3 /* SelectNameCell.swift */,
				9939AA60260ABFCE0094AFC3 /* SelectNameCell.xib */,
			);
			path = SelectName;
			sourceTree = "<group>";
		};
		9939AA6B260BAF120094AFC3 /* CreateCounter */ = {
			isa = PBXGroup;
			children = (
				9939AA6C260BAF2F0094AFC3 /* SwitcherCell.swift */,
				9939AA6D260BAF2F0094AFC3 /* CreateCounterCell.xib */,
			);
			path = CreateCounter;
			sourceTree = "<group>";
		};
		9939AA75260BC9CD0094AFC3 /* IAP_Required */ = {
			isa = PBXGroup;
			children = (
				9939AA76260BCCE50094AFC3 /* IAP_RequiredCell.swift */,
				9939AA77260BCCE50094AFC3 /* IAP_RequiredCell.xib */,
			);
			path = IAP_Required;
			sourceTree = "<group>";
		};
		993BC15A25B4DC7C00890696 /* KnitNotifications */ = {
			isa = PBXGroup;
			children = (
				993BC18025B4DD4300890696 /* KnitNotifications.entitlements */,
				993BC15B25B4DC7C00890696 /* NotificationService.swift */,
				993BC15D25B4DC7C00890696 /* Info.plist */,
			);
			path = KnitNotifications;
			sourceTree = "<group>";
		};
		99454025260AB1CC00F0EC3E /* ImageCollectionViewCell */ = {
			isa = PBXGroup;
			children = (
				9945401F260AB1C300F0EC3E /* ImageCollectionViewCell.swift */,
				99454020260AB1C300F0EC3E /* ImageCollectionViewCell.xib */,
			);
			path = ImageCollectionViewCell;
			sourceTree = "<group>";
		};
		994EF71725153490009AA35B /* Projects */ = {
			isa = PBXGroup;
			children = (
				99F5EF9826517F4C00A7217F /* ProjectView */,
				99A7C57E264B0AFC00FDDAEB /* ProjectCell */,
				99A7C583264B103400FDDAEB /* View */,
				99A7C582264B102B00FDDAEB /* Controller */,
				99F6986A2652E18D00096CB2 /* OldProjects */,
			);
			path = Projects;
			sourceTree = "<group>";
		};
		996FAF332508FC8200209228 /* Entry */ = {
			isa = PBXGroup;
			children = (
				99AFBA5124F80DA000E71FD6 /* LaunchScreen.storyboard */,
				99B206792504F10600FA6C50 /* EntryVC.swift */,
				996FAF2B2508245D00209228 /* EntryVM.swift */,
				99B206712504DD8B00FA6C50 /* LogInVC.swift */,
				99B206732504DDF700FA6C50 /* LogInVM.swift */,
				99AFBA4A24F80D9E00E71FD6 /* SignUpVC.swift */,
				99AFBA6F24F8121D00E71FD6 /* RegistrationVM.swift */,
				998B9F8A250C2FA100C0C52F /* ForgotPassVC.swift */,
				998B9F8C250C2FBB00C0C52F /* ForgotPassVM.swift */,
			);
			path = Entry;
			sourceTree = "<group>";
		};
		99A0708626123B2600366972 /* IAP */ = {
			isa = PBXGroup;
			children = (
				99A0708B26123B3C00366972 /* Validation */,
				99A0709F26123D1A00366972 /* IAP_Products.swift */,
				99A070A326123D3200366972 /* IAP_Manager.swift */,
			);
			path = IAP;
			sourceTree = "<group>";
		};
		99A0708B26123B3C00366972 /* Validation */ = {
			isa = PBXGroup;
			children = (
				99A0708E26123B7100366972 /* RecieptValidator.swift */,
				99A0709326123BB700366972 /* pkcs7_union_accessors.m */,
				99A0709226123BB700366972 /* Knitting_2_0-Bridging-Header.h */,
				99A0709726123BD000366972 /* pkcs7_union_accessors.h */,
			);
			path = Validation;
			sourceTree = "<group>";
		};
		99A7C56B264B039200FDDAEB /* Managers */ = {
			isa = PBXGroup;
			children = (
				99A7C56C264B03A600FDDAEB /* NetworkManager.swift */,
			);
			path = Managers;
			sourceTree = "<group>";
		};
		99A7C572264B0A6A00FDDAEB /* Old_Ones */ = {
			isa = PBXGroup;
			children = (
				9959471D250A582B00D0E273 /* MUser.swift */,
				998B9F92250E1CD300C0C52F /* MSection.swift */,
				998B9F88250C255600C0C52F /* MProject.swift */,
				99EF88BA25191EC400C77181 /* MCounter.swift */,
				9978DDD6253E12C200659DC1 /* MPage.swift */,
			);
			path = Old_Ones;
			sourceTree = "<group>";
		};
		99A7C57C264B0AE300FDDAEB /* Loading */ = {
			isa = PBXGroup;
			children = (
				99A7C563264B038900FDDAEB /* LoadingCell.swift */,
				99A7C564264B038900FDDAEB /* LoadingCell.xib */,
			);
			path = Loading;
			sourceTree = "<group>";
		};
		99A7C57D264B0AEE00FDDAEB /* Error */ = {
			isa = PBXGroup;
			children = (
				9965A1DC264D0CED003C8B75 /* ErrorCell.swift */,
				9965A1DD264D0CED003C8B75 /* ErrorCell.xib */,
			);
			path = Error;
			sourceTree = "<group>";
		};
		99A7C57E264B0AFC00FDDAEB /* ProjectCell */ = {
			isa = PBXGroup;
			children = (
				99F5EF81265111BD00A7217F /* SwipeableProject.swift */,
				99F5EFB02651987200A7217F /* SwipeableProject.xib */,
			);
			path = ProjectCell;
			sourceTree = "<group>";
		};
		99A7C582264B102B00FDDAEB /* Controller */ = {
			isa = PBXGroup;
			children = (
				999A80D4264B3F9E001FDA28 /* ProjectsController.swift */,
			);
			path = Controller;
			sourceTree = "<group>";
		};
		99A7C583264B103400FDDAEB /* View */ = {
			isa = PBXGroup;
			children = (
				99A7C55C264AF30D00FDDAEB /* ProjectsView.swift */,
				99C9866A264C4F83005222C7 /* NewMainView.xib */,
			);
			path = View;
			sourceTree = "<group>";
		};
		99AFBA3A24F80D9E00E71FD6 = {
			isa = PBXGroup;
			children = (
				99AFBA4524F80D9E00E71FD6 /* Knitting_2_0 */,
				993BC15A25B4DC7C00890696 /* KnitNotifications */,
				99AFBA4424F80D9E00E71FD6 /* Products */,
				D41AB12B2FDCE20E3F502767 /* Pods */,
				08A18B26175CFE69233B92F8 /* Frameworks */,
			);
			sourceTree = "<group>";
			usesTabs = 1;
		};
		99AFBA4424F80D9E00E71FD6 /* Products */ = {
			isa = PBXGroup;
			children = (
				99AFBA4324F80D9E00E71FD6 /* Knitting_2_0.app */,
				993BC15925B4DC7C00890696 /* KnitNotifications.appex */,
			);
			name = Products;
			sourceTree = "<group>";
		};
		99AFBA4524F80D9E00E71FD6 /* Knitting_2_0 */ = {
			isa = PBXGroup;
			children = (
				99A0708626123B2600366972 /* IAP */,
				9936B9A525BCC01D008F4443 /* UIElements */,
				99AFBA4F24F80DA000E71FD6 /* Assets.xcassets */,
				999D789925ABC56600CB138B /* Knitting_2_0.entitlements */,
				9974DF4F25A206540036C971 /* Analytics.swift */,
				99AFBA4624F80D9E00E71FD6 /* AppDelegate.swift */,
				99AFBA4824F80D9E00E71FD6 /* SceneDelegate.swift */,
				99AFBA6B24F810B000E71FD6 /* Supporting */,
				99AFBA6824F8101F00E71FD6 /* Models */,
				99AFBA6924F8102A00E71FD6 /* Views */,
				99AFBA6A24F8103600E71FD6 /* ViewModels */,
				99AFBA5424F80DA000E71FD6 /* Info.plist */,
				99E4A1C525091FBE003CA7C9 /* GoogleService-Info.plist */,
				99FC0420263DCF0400ADEEEC /* AppleIncRootCertificate.cer */,
			);
			path = Knitting_2_0;
			sourceTree = "<group>";
		};
		99AFBA6824F8101F00E71FD6 /* Models */ = {
			isa = PBXGroup;
			children = (
				99A7C572264B0A6A00FDDAEB /* Old_Ones */,
				9909A64E264DB28A0002D911 /* DTO */,
			);
			path = Models;
			sourceTree = "<group>";
		};
		99AFBA6924F8102A00E71FD6 /* Views */ = {
			isa = PBXGroup;
			children = (
				99F698622652DFB400096CB2 /* BasicCells */,
				99A7C56B264B039200FDDAEB /* Managers */,
				9936B96925BC7911008F4443 /* BaseVC.swift */,
				9936B97C25BC92E2008F4443 /* BasePanVC.swift */,
				9936B97125BC7AB5008F4443 /* PanelNavigation.swift */,
				9962BDDB263B416C00DD8B22 /* FullScreenNavigation.swift */,
				99EFB56D25178D89003A5D07 /* PanPanels */,
				996FAF332508FC8200209228 /* Entry */,
				99F6985D2652DDA200096CB2 /* Counters */,
				99B956F425248E5900AC5438 /* OldCounters */,
				994EF71725153490009AA35B /* Projects */,
			);
			path = Views;
			sourceTree = "<group>";
		};
		99AFBA6A24F8103600E71FD6 /* ViewModels */ = {
			isa = PBXGroup;
			children = (
				998B9F86250C1E2B00C0C52F /* MainVM.swift */,
			);
			path = ViewModels;
			sourceTree = "<group>";
		};
		99AFBA6B24F810B000E71FD6 /* Supporting */ = {
			isa = PBXGroup;
			children = (
				99B223822643290E00FB9775 /* Colors */,
				99AFBA7924F9667F00E71FD6 /* Constants.swift */,
				99AFBA6D24F8111500E71FD6 /* Extensions */,
				99AFBA7B24FC295600E71FD6 /* Fonts */,
				998AED51255C4D8600507F02 /* Localizable.strings */,
				99C31FDB251F2D3900A1F75D /* Protocols */,
				99B223832643292500FB9775 /* UImage */,
				99B223712642EECB00FB9775 /* Cells */,
			);
			path = Supporting;
			sourceTree = "<group>";
		};
		99AFBA6D24F8111500E71FD6 /* Extensions */ = {
			isa = PBXGroup;
			children = (
				99B509BB24FDB1D60046A2B1 /* UIViewExt.swift */,
				998B9F84250BCAFA00C0C52F /* UIWindow.swift */,
				99EF88BC25193F7000C77181 /* UIImage+String.swift */,
				99EF88BE251D3A9D00C77181 /* UIDevice.swift */,
				994300B0252A27FF0065EF5C /* UIViewController.swift */,
				9964A867252B82A600D35398 /* addDoneCancelToolBar.swift */,
				998AED3F255C4B6800507F02 /* Localize.swift */,
				998AED43255C4C2E00507F02 /* String + LocalizeBundle.swift */,
				998AED47255C4CA300507F02 /* String+LocalizedBundleTableName.swift */,
			);
			path = Extensions;
			sourceTree = "<group>";
		};
		99AFBA7B24FC295600E71FD6 /* Fonts */ = {
			isa = PBXGroup;
			children = (
				991AD5672529268D008A6E8D /* SF-Pro-Rounded-Medium.otf */,
				99B223762642FA2300FB9775 /* Fonts.swift */,
			);
			path = Fonts;
			sourceTree = "<group>";
		};
		99B2234726405F2700FB9775 /* SelectRows */ = {
			isa = PBXGroup;
			children = (
				99B22348264153E600FB9775 /* SelectRowsCell.swift */,
				99B22349264153E600FB9775 /* SelectRowsCell.xib */,
			);
			path = SelectRows;
			sourceTree = "<group>";
		};
		99B223712642EECB00FB9775 /* Cells */ = {
			isa = PBXGroup;
			children = (
				998B9F90250D81BE00C0C52F /* SwipeableCell.swift */,
				99B223722642F05600FB9775 /* UITableViewCell+Ext.swift */,
				9965A1D6264D0C56003C8B75 /* UICollectionView+Extension .swift */,
				9965A1E8264D12CD003C8B75 /* CollectionCellWithSwipe.swift */,
			);
			path = Cells;
			sourceTree = "<group>";
		};
		99B223822643290E00FB9775 /* Colors */ = {
			isa = PBXGroup;
			children = (
				99B2237E26430F3900FB9775 /* Colors.swift */,
			);
			path = Colors;
			sourceTree = "<group>";
		};
		99B223832643292500FB9775 /* UImage */ = {
			isa = PBXGroup;
			children = (
				99B22384264329D900FB9775 /* Icons.swift */,
			);
			path = UImage;
			sourceTree = "<group>";
		};
		99B223922647151300FB9775 /* SectionTitle */ = {
			isa = PBXGroup;
			children = (
				99B223932647159500FB9775 /* SectionTitleCell.swift */,
				99B223942647159500FB9775 /* SectionTitleCell.xib */,
			);
			path = SectionTitle;
			sourceTree = "<group>";
		};
		99B223992648027100FB9775 /* SelectCell */ = {
			isa = PBXGroup;
			children = (
				99B223A22648076E00FB9775 /* ImageCollectionCell */,
				99B2239A2648029900FB9775 /* SelectCell.swift */,
				99B2239B2648029900FB9775 /* SelectCell.xib */,
			);
			path = SelectCell;
			sourceTree = "<group>";
		};
		99B223A22648076E00FB9775 /* ImageCollectionCell */ = {
			isa = PBXGroup;
			children = (
				99B223A32648089700FB9775 /* ImageCollectionCell.swift */,
				99B223A42648089700FB9775 /* ImageCollectionCell.xib */,
			);
			path = ImageCollectionCell;
			sourceTree = "<group>";
		};
		99B223A92648265D00FB9775 /* CheckCell */ = {
			isa = PBXGroup;
			children = (
				99B223AA2648268B00FB9775 /* CheckCell.swift */,
				99B223AB2648268B00FB9775 /* CheckCell.xib */,
			);
			path = CheckCell;
			sourceTree = "<group>";
		};
		99B956F425248E5900AC5438 /* OldCounters */ = {
			isa = PBXGroup;
			children = (
				99192D56251FC208001C6720 /* CounterVC.swift */,
				99B957052524A0C900AC5438 /* CounterCell.swift */,
				99B956FD25249AFE00AC5438 /* CounterSectionHeader.swift */,
			);
			path = OldCounters;
			sourceTree = "<group>";
		};
		99C31FDB251F2D3900A1F75D /* Protocols */ = {
			isa = PBXGroup;
			children = (
				99C31FDC251F2DA200A1F75D /* CardViewControllerProtocol.swift */,
				99C31FDD251F2DA200A1F75D /* SwipeableCollectionViewCellProtocol.swift */,
			);
			path = Protocols;
			sourceTree = "<group>";
		};
		99EFB56D25178D89003A5D07 /* PanPanels */ = {
			isa = PBXGroup;
			children = (
				99FC042D263F06D500ADEEEC /* Cells */,
				990C1887263A025F00D56949 /* PayWall */,
				99FC042E263F06FA00ADEEEC /* PanProject */,
				99FC042F263F077D00ADEEEC /* PanCounter */,
				9936B98F25BC9452008F4443 /* PanProfile */,
			);
			path = PanPanels;
			sourceTree = "<group>";
		};
		99F5EF862651287100A7217F /* LabelView */ = {
			isa = PBXGroup;
			children = (
				99F5EF872651288B00A7217F /* LabelView.swift */,
				99F5EF8E2651289E00A7217F /* LabelView.xib */,
			);
			path = LabelView;
			sourceTree = "<group>";
		};
		99F5EF9826517F4C00A7217F /* ProjectView */ = {
			isa = PBXGroup;
			children = (
				99F5EF992651804100A7217F /* ProjectView.swift */,
				99F5EF9D2651804C00A7217F /* ProjectView.xib */,
			);
			path = ProjectView;
			sourceTree = "<group>";
		};
		99F5EFA126518C5300A7217F /* CounerView */ = {
			isa = PBXGroup;
			children = (
				99F5EFA226518C6B00A7217F /* CounterView.swift */,
				99F5EFA626518CD900A7217F /* CounterView.xib */,
			);
			path = CounerView;
			sourceTree = "<group>";
		};
		99F5EFB4265198CD00A7217F /* CounterCell */ = {
			isa = PBXGroup;
			children = (
				99F5EFB5265198EF00A7217F /* SwipeableCounter.swift */,
				99F5EFB92651994300A7217F /* SwipeableCounter.xib */,
			);
			path = CounterCell;
			sourceTree = "<group>";
		};
		99F6985D2652DDA200096CB2 /* Counters */ = {
			isa = PBXGroup;
			children = (
				99F5EFA126518C5300A7217F /* CounerView */,
				99F5EFB4265198CD00A7217F /* CounterCell */,
				99F698612652DE2B00096CB2 /* View */,
				99F698602652DE1900096CB2 /* Controller */,
			);
			path = Counters;
			sourceTree = "<group>";
		};
		99F698602652DE1900096CB2 /* Controller */ = {
			isa = PBXGroup;
			children = (
				99F6986B2652E25800096CB2 /* CountersController.swift */,
			);
			path = Controller;
			sourceTree = "<group>";
		};
		99F698612652DE2B00096CB2 /* View */ = {
			isa = PBXGroup;
			children = (
				99F6986F2652E29500096CB2 /* CountersView.swift */,
				99F698732652E2AB00096CB2 /* CountersView.xib */,
			);
			path = View;
			sourceTree = "<group>";
		};
		99F698622652DFB400096CB2 /* BasicCells */ = {
			isa = PBXGroup;
			children = (
				99A7C57D264B0AEE00FDDAEB /* Error */,
				99A7C57C264B0AE300FDDAEB /* Loading */,
				99F5EF862651287100A7217F /* LabelView */,
			);
			path = BasicCells;
			sourceTree = "<group>";
		};
		99F6986A2652E18D00096CB2 /* OldProjects */ = {
			isa = PBXGroup;
			children = (
				9959471F250AD91F00D0E273 /* MainVC.swift */,
				998B9F8E250D817000C0C52F /* ProjectCell.swift */,
				994EF7132514B423009AA35B /* MainSetionHeader.swift */,
			);
			path = OldProjects;
			sourceTree = "<group>";
		};
		99FC0413263DB2D000ADEEEC /* IAP_pricing */ = {
			isa = PBXGroup;
			children = (
				99FC0414263DB31F00ADEEEC /* IAP_PricingCell.swift */,
				99FC0415263DB31F00ADEEEC /* IAP_PricingCell.xib */,
			);
			path = IAP_pricing;
			sourceTree = "<group>";
		};
		99FC042D263F06D500ADEEEC /* Cells */ = {
			isa = PBXGroup;
			children = (
				99B223A92648265D00FB9775 /* CheckCell */,
				99B223992648027100FB9775 /* SelectCell */,
				99B223922647151300FB9775 /* SectionTitle */,
				9936B9A125BCBFBA008F4443 /* BecomePro */,
				9936B9BC25BCCA87008F4443 /* Benefit */,
				9939AA6B260BAF120094AFC3 /* CreateCounter */,
				99FC0413263DB2D000ADEEEC /* IAP_pricing */,
				9939AA75260BC9CD0094AFC3 /* IAP_Required */,
				9936B99325BC959D008F4443 /* Information */,
				9922D120260BDB5000960A08 /* MainButton */,
				99207D3025E0676B0013DBF3 /* SelectImage */,
				9939AA52260ABEE00094AFC3 /* SelectName */,
				99B2234726405F2700FB9775 /* SelectRows */,
			);
			path = Cells;
			sourceTree = "<group>";
		};
		99FC042E263F06FA00ADEEEC /* PanProject */ = {
			isa = PBXGroup;
			children = (
				99207D2425E024290013DBF3 /* PanProject.swift */,
				99207D2525E024290013DBF3 /* PanProject.xib */,
			);
			path = PanProject;
			sourceTree = "<group>";
		};
		99FC042F263F077D00ADEEEC /* PanCounter */ = {
			isa = PBXGroup;
			children = (
				99FC0432263F085900ADEEEC /* PanCounter.swift */,
				99FC0433263F085900ADEEEC /* PanCounter.xib */,
			);
			path = PanCounter;
			sourceTree = "<group>";
		};
		D41AB12B2FDCE20E3F502767 /* Pods */ = {
			isa = PBXGroup;
			children = (
				561858D2B68D4F8584D13FB1 /* Pods-Knitting_2_0.debug.xcconfig */,
				8257CCB6BAEED5BDB6953A6E /* Pods-Knitting_2_0.release.xcconfig */,
				7698782C536C99851F899950 /* Pods-KnitNotifications.debug.xcconfig */,
				006BF2B84E86384C70DEEFD5 /* Pods-KnitNotifications.release.xcconfig */,
			);
			path = Pods;
			sourceTree = "<group>";
		};
/* End PBXGroup section */

/* Begin PBXNativeTarget section */
		993BC15825B4DC7C00890696 /* KnitNotifications */ = {
			isa = PBXNativeTarget;
			buildConfigurationList = 993BC16425B4DC7C00890696 /* Build configuration list for PBXNativeTarget "KnitNotifications" */;
			buildPhases = (
				2359E94CBA11D6BC61F28231 /* [CP] Check Pods Manifest.lock */,
				993BC15525B4DC7C00890696 /* Sources */,
				993BC15625B4DC7C00890696 /* Frameworks */,
				993BC15725B4DC7C00890696 /* Resources */,
			);
			buildRules = (
			);
			dependencies = (
			);
			name = KnitNotifications;
			productName = KnitNotifications;
			productReference = 993BC15925B4DC7C00890696 /* KnitNotifications.appex */;
			productType = "com.apple.product-type.app-extension";
		};
		99AFBA4224F80D9E00E71FD6 /* Knitting_2_0 */ = {
			isa = PBXNativeTarget;
			buildConfigurationList = 99AFBA6224F80DA100E71FD6 /* Build configuration list for PBXNativeTarget "Knitting_2_0" */;
			buildPhases = (
				138198E4A14810DB49640DAB /* [CP] Check Pods Manifest.lock */,
				99AFBA3F24F80D9E00E71FD6 /* Sources */,
				99AFBA4024F80D9E00E71FD6 /* Frameworks */,
				99AFBA4124F80D9E00E71FD6 /* Resources */,
				99F268262544AD24009DDDD8 /* Embed Watch Content */,
				993BC16125B4DC7C00890696 /* Embed App Extensions */,
				A4AC77C828CA49228796B3CA /* [CP] Embed Pods Frameworks */,
			);
			buildRules = (
			);
			dependencies = (
				993BC15F25B4DC7C00890696 /* PBXTargetDependency */,
			);
			name = Knitting_2_0;
			productName = Knitting_2_0;
			productReference = 99AFBA4324F80D9E00E71FD6 /* Knitting_2_0.app */;
			productType = "com.apple.product-type.application";
		};
/* End PBXNativeTarget section */

/* Begin PBXProject section */
		99AFBA3B24F80D9E00E71FD6 /* Project object */ = {
			isa = PBXProject;
			attributes = {
				LastSwiftUpdateCheck = 1220;
				LastUpgradeCheck = 1200;
				ORGANIZATIONNAME = "Павел Кузин";
				TargetAttributes = {
					993BC15825B4DC7C00890696 = {
						CreatedOnToolsVersion = 12.2;
					};
					99AFBA4224F80D9E00E71FD6 = {
						CreatedOnToolsVersion = 11.5;
						LastSwiftMigration = 1240;
					};
				};
			};
			buildConfigurationList = 99AFBA3E24F80D9E00E71FD6 /* Build configuration list for PBXProject "Knitting_2_0" */;
			compatibilityVersion = "Xcode 9.3";
			developmentRegion = en;
			hasScannedForEncodings = 0;
			knownRegions = (
				en,
				Base,
				ja,
				ko,
				"pt-BR",
				es,
				ru,
				fr,
				de,
				it,
			);
			mainGroup = 99AFBA3A24F80D9E00E71FD6;
			productRefGroup = 99AFBA4424F80D9E00E71FD6 /* Products */;
			projectDirPath = "";
			projectRoot = "";
			targets = (
				99AFBA4224F80D9E00E71FD6 /* Knitting_2_0 */,
				993BC15825B4DC7C00890696 /* KnitNotifications */,
			);
		};
/* End PBXProject section */

/* Begin PBXResourcesBuildPhase section */
		993BC15725B4DC7C00890696 /* Resources */ = {
			isa = PBXResourcesBuildPhase;
			buildActionMask = 2147483647;
			files = (
			);
			runOnlyForDeploymentPostprocessing = 0;
		};
		99AFBA4124F80D9E00E71FD6 /* Resources */ = {
			isa = PBXResourcesBuildPhase;
			buildActionMask = 2147483647;
			files = (
				9939AA79260BCCE50094AFC3 /* IAP_RequiredCell.xib in Resources */,
				9936B9B825BCCA80008F4443 /* BenefitCell.xib in Resources */,
				99AFBA5324F80DA000E71FD6 /* LaunchScreen.storyboard in Resources */,
				9939AA6F260BAF2F0094AFC3 /* CreateCounterCell.xib in Resources */,
				99B2239D2648029900FB9775 /* SelectCell.xib in Resources */,
				99F5EF8F2651289E00A7217F /* LabelView.xib in Resources */,
				99B223AD2648268C00FB9775 /* CheckCell.xib in Resources */,
				99B2234B264153E600FB9775 /* SelectRowsCell.xib in Resources */,
				99207D3425E067C00013DBF3 /* SelectImageCell.xib in Resources */,
				99AFBA5024F80DA000E71FD6 /* Assets.xcassets in Resources */,
				99FC0435263F085900ADEEEC /* PanCounter.xib in Resources */,
				99C9866B264C4F83005222C7 /* NewMainView.xib in Resources */,
				991AD5682529268D008A6E8D /* SF-Pro-Rounded-Medium.otf in Resources */,
				99F698742652E2AB00096CB2 /* CountersView.xib in Resources */,
				9922D124260BDB6A00960A08 /* MainButtonCell.xib in Resources */,
				99FC0417263DB31F00ADEEEC /* IAP_PricingCell.xib in Resources */,
				998AED4F255C4D8600507F02 /* Localizable.strings in Resources */,
				9936B99725BC9617008F4443 /* InformationCell.xib in Resources */,
				99F5EFBA2651994300A7217F /* SwipeableCounter.xib in Resources */,
				99207D2725E024290013DBF3 /* PanProject.xib in Resources */,
				99F5EF9E2651804C00A7217F /* ProjectView.xib in Resources */,
				99B223A62648089700FB9775 /* ImageCollectionCell.xib in Resources */,
				9939AA62260ABFCE0094AFC3 /* SelectNameCell.xib in Resources */,
				99FC0421263DCF0400ADEEEC /* AppleIncRootCertificate.cer in Resources */,
				99B223962647159500FB9775 /* SectionTitleCell.xib in Resources */,
				99454022260AB1C300F0EC3E /* ImageCollectionViewCell.xib in Resources */,
				99F5EFB12651987200A7217F /* SwipeableProject.xib in Resources */,
				9936B98B25BC9324008F4443 /* PanProfileVC.xib in Resources */,
				99A7C566264B038900FDDAEB /* LoadingCell.xib in Resources */,
				99F5EFA726518CD900A7217F /* CounterView.xib in Resources */,
				9965A1DF264D0CED003C8B75 /* ErrorCell.xib in Resources */,
				99E4A1C625091FBE003CA7C9 /* GoogleService-Info.plist in Resources */,
				990C188B263A029B00D56949 /* PayWallVC.xib in Resources */,
				9936B9B125BCC27E008F4443 /* BecomeProCell.xib in Resources */,
			);
			runOnlyForDeploymentPostprocessing = 0;
		};
/* End PBXResourcesBuildPhase section */

/* Begin PBXShellScriptBuildPhase section */
		138198E4A14810DB49640DAB /* [CP] Check Pods Manifest.lock */ = {
			isa = PBXShellScriptBuildPhase;
			buildActionMask = 2147483647;
			files = (
			);
			inputFileListPaths = (
			);
			inputPaths = (
				"${PODS_PODFILE_DIR_PATH}/Podfile.lock",
				"${PODS_ROOT}/Manifest.lock",
			);
			name = "[CP] Check Pods Manifest.lock";
			outputFileListPaths = (
			);
			outputPaths = (
				"$(DERIVED_FILE_DIR)/Pods-Knitting_2_0-checkManifestLockResult.txt",
			);
			runOnlyForDeploymentPostprocessing = 0;
			shellPath = /bin/sh;
			shellScript = "diff \"${PODS_PODFILE_DIR_PATH}/Podfile.lock\" \"${PODS_ROOT}/Manifest.lock\" > /dev/null\nif [ $? != 0 ] ; then\n    # print error to STDERR\n    echo \"error: The sandbox is not in sync with the Podfile.lock. Run 'pod install' or update your CocoaPods installation.\" >&2\n    exit 1\nfi\n# This output is used by Xcode 'outputs' to avoid re-running this script phase.\necho \"SUCCESS\" > \"${SCRIPT_OUTPUT_FILE_0}\"\n";
			showEnvVarsInLog = 0;
		};
		2359E94CBA11D6BC61F28231 /* [CP] Check Pods Manifest.lock */ = {
			isa = PBXShellScriptBuildPhase;
			buildActionMask = 2147483647;
			files = (
			);
			inputFileListPaths = (
			);
			inputPaths = (
				"${PODS_PODFILE_DIR_PATH}/Podfile.lock",
				"${PODS_ROOT}/Manifest.lock",
			);
			name = "[CP] Check Pods Manifest.lock";
			outputFileListPaths = (
			);
			outputPaths = (
				"$(DERIVED_FILE_DIR)/Pods-KnitNotifications-checkManifestLockResult.txt",
			);
			runOnlyForDeploymentPostprocessing = 0;
			shellPath = /bin/sh;
			shellScript = "diff \"${PODS_PODFILE_DIR_PATH}/Podfile.lock\" \"${PODS_ROOT}/Manifest.lock\" > /dev/null\nif [ $? != 0 ] ; then\n    # print error to STDERR\n    echo \"error: The sandbox is not in sync with the Podfile.lock. Run 'pod install' or update your CocoaPods installation.\" >&2\n    exit 1\nfi\n# This output is used by Xcode 'outputs' to avoid re-running this script phase.\necho \"SUCCESS\" > \"${SCRIPT_OUTPUT_FILE_0}\"\n";
			showEnvVarsInLog = 0;
		};
		A4AC77C828CA49228796B3CA /* [CP] Embed Pods Frameworks */ = {
			isa = PBXShellScriptBuildPhase;
			buildActionMask = 2147483647;
			files = (
			);
			inputFileListPaths = (
				"${PODS_ROOT}/Target Support Files/Pods-Knitting_2_0/Pods-Knitting_2_0-frameworks-${CONFIGURATION}-input-files.xcfilelist",
			);
			name = "[CP] Embed Pods Frameworks";
			outputFileListPaths = (
				"${PODS_ROOT}/Target Support Files/Pods-Knitting_2_0/Pods-Knitting_2_0-frameworks-${CONFIGURATION}-output-files.xcfilelist",
			);
			runOnlyForDeploymentPostprocessing = 0;
			shellPath = /bin/sh;
			shellScript = "\"${PODS_ROOT}/Target Support Files/Pods-Knitting_2_0/Pods-Knitting_2_0-frameworks.sh\"\n";
			showEnvVarsInLog = 0;
		};
/* End PBXShellScriptBuildPhase section */

/* Begin PBXSourcesBuildPhase section */
		993BC15525B4DC7C00890696 /* Sources */ = {
			isa = PBXSourcesBuildPhase;
			buildActionMask = 2147483647;
			files = (
				993BC15C25B4DC7C00890696 /* NotificationService.swift in Sources */,
			);
			runOnlyForDeploymentPostprocessing = 0;
		};
		99AFBA3F24F80D9E00E71FD6 /* Sources */ = {
			isa = PBXSourcesBuildPhase;
			buildActionMask = 2147483647;
			files = (
				9959471E250A582B00D0E273 /* MUser.swift in Sources */,
				998B9F89250C255600C0C52F /* MProject.swift in Sources */,
				9974DF5025A206540036C971 /* Analytics.swift in Sources */,
				99B223A52648089700FB9775 /* ImageCollectionCell.swift in Sources */,
				99F698702652E29500096CB2 /* CountersView.swift in Sources */,
				99F6986C2652E25800096CB2 /* CountersController.swift in Sources */,
				9939AA78260BCCE50094AFC3 /* IAP_RequiredCell.swift in Sources */,
				994300B1252A27FF0065EF5C /* UIViewController.swift in Sources */,
				99594720250AD91F00D0E273 /* MainVC.swift in Sources */,
				99A0708F26123B7100366972 /* RecieptValidator.swift in Sources */,
				99F5EF82265111BD00A7217F /* SwipeableProject.swift in Sources */,
				99A070C826130E1100366972 /* Loader.swift in Sources */,
				99A7C55E264AF30D00FDDAEB /* ProjectsView.swift in Sources */,
				990C188A263A029B00D56949 /* PayWallVC.swift in Sources */,
				99192D57251FC208001C6720 /* CounterVC.swift in Sources */,
				9936B97225BC7AB5008F4443 /* PanelNavigation.swift in Sources */,
				998AED40255C4B6800507F02 /* Localize.swift in Sources */,
				99B2234A264153E600FB9775 /* SelectRowsCell.swift in Sources */,
				9962BDDC263B416C00DD8B22 /* FullScreenNavigation.swift in Sources */,
				99B509BC24FDB1D60046A2B1 /* UIViewExt.swift in Sources */,
				99F5EF9A2651804100A7217F /* ProjectView.swift in Sources */,
				994EF7142514B424009AA35B /* MainSetionHeader.swift in Sources */,
				99AFBA4B24F80D9E00E71FD6 /* SignUpVC.swift in Sources */,
				9965A1D7264D0C56003C8B75 /* UICollectionView+Extension .swift in Sources */,
				998B9F85250BCAFA00C0C52F /* UIWindow.swift in Sources */,
				99FC0434263F085900ADEEEC /* PanCounter.swift in Sources */,
				9936B98A25BC9324008F4443 /* PanProfileVC.swift in Sources */,
				9936B9B725BCCA80008F4443 /* BenefitCell.swift in Sources */,
				9909A64B264DB1640002D911 /* Project.swift in Sources */,
				99B2237F26430F3900FB9775 /* Colors.swift in Sources */,
				99AFBA7024F8121D00E71FD6 /* RegistrationVM.swift in Sources */,
				99454021260AB1C300F0EC3E /* ImageCollectionViewCell.swift in Sources */,
				999A80D5264B3F9E001FDA28 /* ProjectsController.swift in Sources */,
				99B2067A2504F10600FA6C50 /* EntryVC.swift in Sources */,
				99C31FDE251F2DA200A1F75D /* CardViewControllerProtocol.swift in Sources */,
				998B9F87250C1E2B00C0C52F /* MainVM.swift in Sources */,
				998B9F91250D81BE00C0C52F /* SwipeableCell.swift in Sources */,
				99B223732642F05600FB9775 /* UITableViewCell+Ext.swift in Sources */,
				9936B96A25BC7911008F4443 /* BaseVC.swift in Sources */,
				9936B99625BC9617008F4443 /* InformationCell.swift in Sources */,
				99B223AC2648268B00FB9775 /* CheckCell.swift in Sources */,
				9922D123260BDB6A00960A08 /* MainButtonCell.swift in Sources */,
				99F5EFB6265198EF00A7217F /* SwipeableCounter.swift in Sources */,
				99EF88BB25191EC400C77181 /* MCounter.swift in Sources */,
				99B206722504DD8B00FA6C50 /* LogInVC.swift in Sources */,
				99B206742504DDF700FA6C50 /* LogInVM.swift in Sources */,
				99AFBA4724F80D9E00E71FD6 /* AppDelegate.swift in Sources */,
				996FAF2C2508245D00209228 /* EntryVM.swift in Sources */,
				998B9F8F250D817000C0C52F /* ProjectCell.swift in Sources */,
				99B22385264329D900FB9775 /* Icons.swift in Sources */,
				99A7C565264B038900FDDAEB /* LoadingCell.swift in Sources */,
				9936B97D25BC92E3008F4443 /* BasePanVC.swift in Sources */,
				99207D2625E024290013DBF3 /* PanProject.swift in Sources */,
				99AFBA4924F80D9E00E71FD6 /* SceneDelegate.swift in Sources */,
				9964A868252B82A600D35398 /* addDoneCancelToolBar.swift in Sources */,
				99EF88BF251D3A9F00C77181 /* UIDevice.swift in Sources */,
				998AED44255C4C2E00507F02 /* String + LocalizeBundle.swift in Sources */,
				9978DDD7253E12C200659DC1 /* MPage.swift in Sources */,
				99A070CE2613184400366972 /* DefaultImageStr.swift in Sources */,
				99B2239C2648029900FB9775 /* SelectCell.swift in Sources */,
				99207D3325E067C00013DBF3 /* SelectImageCell.swift in Sources */,
				99B956FE25249AFE00AC5438 /* CounterSectionHeader.swift in Sources */,
				998B9F8B250C2FA100C0C52F /* ForgotPassVC.swift in Sources */,
				9939AA61260ABFCE0094AFC3 /* SelectNameCell.swift in Sources */,
				9965A1DE264D0CED003C8B75 /* ErrorCell.swift in Sources */,
				99AFBA7A24F9667F00E71FD6 /* Constants.swift in Sources */,
				99FC0416263DB31F00ADEEEC /* IAP_PricingCell.swift in Sources */,
				99B223772642FA2300FB9775 /* Fonts.swift in Sources */,
				9936B9B025BCC27E008F4443 /* BecomeProCell.swift in Sources */,
				99B223952647159500FB9775 /* SectionTitleCell.swift in Sources */,
				99A7C56D264B03A600FDDAEB /* NetworkManager.swift in Sources */,
				99A0709C26123C8B00366972 /* pkcs7_union_accessors.m in Sources */,
				99F5EFA326518C6B00A7217F /* CounterView.swift in Sources */,
				998B9F8D250C2FBB00C0C52F /* ForgotPassVM.swift in Sources */,
				99F5EF882651288B00A7217F /* LabelView.swift in Sources */,
				9965A1E9264D12CD003C8B75 /* CollectionCellWithSwipe.swift in Sources */,
				9939AA6E260BAF2F0094AFC3 /* SwitcherCell.swift in Sources */,
				99B957062524A0C900AC5438 /* CounterCell.swift in Sources */,
				99A070A426123D3200366972 /* IAP_Manager.swift in Sources */,
				99C31FDF251F2DA200A1F75D /* SwipeableCollectionViewCellProtocol.swift in Sources */,
				99A7C577264B0AA100FDDAEB /* DTO_User.swift in Sources */,
				99A070A026123D1A00366972 /* IAP_Products.swift in Sources */,
				998B9F93250E1CD300C0C52F /* MSection.swift in Sources */,
				998AED48255C4CA300507F02 /* String+LocalizedBundleTableName.swift in Sources */,
				9936B9A725BCC03C008F4443 /* MainButton.swift in Sources */,
				9909A65F264E60A60002D911 /* Counters.swift in Sources */,
				99EF88BD25193F7000C77181 /* UIImage+String.swift in Sources */,
			);
			runOnlyForDeploymentPostprocessing = 0;
		};
/* End PBXSourcesBuildPhase section */

/* Begin PBXTargetDependency section */
		993BC15F25B4DC7C00890696 /* PBXTargetDependency */ = {
			isa = PBXTargetDependency;
			target = 993BC15825B4DC7C00890696 /* KnitNotifications */;
			targetProxy = 993BC15E25B4DC7C00890696 /* PBXContainerItemProxy */;
		};
/* End PBXTargetDependency section */

/* Begin PBXVariantGroup section */
		998AED51255C4D8600507F02 /* Localizable.strings */ = {
			isa = PBXVariantGroup;
			children = (
				998AED50255C4D8600507F02 /* en */,
				998AED5B255C4F9000507F02 /* ja */,
				998AED5F255C4FF100507F02 /* ko */,
				998AED61255C50EA00507F02 /* pt-BR */,
				998AED63255C518600507F02 /* es */,
				998AED65255C519400507F02 /* ru */,
				99F052F925ABAD2F00CFFD88 /* fr */,
				99F052FD25ABB03400CFFD88 /* de */,
				99F052FF25ABB04400CFFD88 /* it */,
			);
			name = Localizable.strings;
			sourceTree = "<group>";
		};
		99AFBA5124F80DA000E71FD6 /* LaunchScreen.storyboard */ = {
			isa = PBXVariantGroup;
			children = (
				99AFBA5224F80DA000E71FD6 /* Base */,
				998AED5A255C4F8F00507F02 /* ja */,
				998AED5E255C4FF100507F02 /* ko */,
				998AED60255C50EA00507F02 /* pt-BR */,
				998AED62255C518600507F02 /* es */,
				998AED64255C519400507F02 /* ru */,
				99F052F825ABAD2800CFFD88 /* fr */,
				99F052FC25ABB03400CFFD88 /* de */,
				99F052FE25ABB04400CFFD88 /* it */,
			);
			name = LaunchScreen.storyboard;
			sourceTree = "<group>";
		};
/* End PBXVariantGroup section */

/* Begin XCBuildConfiguration section */
		993BC16225B4DC7C00890696 /* Debug */ = {
			isa = XCBuildConfiguration;
			baseConfigurationReference = 7698782C536C99851F899950 /* Pods-KnitNotifications.debug.xcconfig */;
			buildSettings = {
				CODE_SIGN_ENTITLEMENTS = KnitNotifications/KnitNotifications.entitlements;
				CODE_SIGN_STYLE = Automatic;
				CURRENT_PROJECT_VERSION = 2;
				DEVELOPMENT_TEAM = JJC3HHT8LN;
				INFOPLIST_FILE = KnitNotifications/Info.plist;
				IPHONEOS_DEPLOYMENT_TARGET = 14.2;
				LD_RUNPATH_SEARCH_PATHS = (
					"$(inherited)",
					"@executable_path/Frameworks",
					"@executable_path/../../Frameworks",
				);
				MARKETING_VERSION = 2.8.21;
				PRODUCT_BUNDLE_IDENTIFIER = "ru.polykuzin.Knitting-2-0.KnitNotifications";
				PRODUCT_NAME = "$(TARGET_NAME)";
				SKIP_INSTALL = YES;
				SWIFT_VERSION = 5.0;
				TARGETED_DEVICE_FAMILY = 1;
			};
			name = Debug;
		};
		993BC16325B4DC7C00890696 /* Release */ = {
			isa = XCBuildConfiguration;
			baseConfigurationReference = 006BF2B84E86384C70DEEFD5 /* Pods-KnitNotifications.release.xcconfig */;
			buildSettings = {
				CODE_SIGN_ENTITLEMENTS = KnitNotifications/KnitNotifications.entitlements;
				CODE_SIGN_STYLE = Automatic;
				CURRENT_PROJECT_VERSION = 2;
				DEVELOPMENT_TEAM = JJC3HHT8LN;
				INFOPLIST_FILE = KnitNotifications/Info.plist;
				IPHONEOS_DEPLOYMENT_TARGET = 14.2;
				LD_RUNPATH_SEARCH_PATHS = (
					"$(inherited)",
					"@executable_path/Frameworks",
					"@executable_path/../../Frameworks",
				);
				MARKETING_VERSION = 2.8.21;
				PRODUCT_BUNDLE_IDENTIFIER = "ru.polykuzin.Knitting-2-0.KnitNotifications";
				PRODUCT_NAME = "$(TARGET_NAME)";
				SKIP_INSTALL = YES;
				SWIFT_VERSION = 5.0;
				TARGETED_DEVICE_FAMILY = 1;
			};
			name = Release;
		};
		99AFBA6024F80DA100E71FD6 /* Debug */ = {
			isa = XCBuildConfiguration;
			buildSettings = {
				ALWAYS_SEARCH_USER_PATHS = NO;
				CLANG_ANALYZER_LOCALIZABILITY_NONLOCALIZED = YES;
				CLANG_ANALYZER_NONNULL = YES;
				CLANG_ANALYZER_NUMBER_OBJECT_CONVERSION = YES_AGGRESSIVE;
				CLANG_CXX_LANGUAGE_STANDARD = "gnu++14";
				CLANG_CXX_LIBRARY = "libc++";
				CLANG_ENABLE_MODULES = YES;
				CLANG_ENABLE_OBJC_ARC = YES;
				CLANG_ENABLE_OBJC_WEAK = YES;
				CLANG_WARN_BLOCK_CAPTURE_AUTORELEASING = YES;
				CLANG_WARN_BOOL_CONVERSION = YES;
				CLANG_WARN_COMMA = YES;
				CLANG_WARN_CONSTANT_CONVERSION = YES;
				CLANG_WARN_DEPRECATED_OBJC_IMPLEMENTATIONS = YES;
				CLANG_WARN_DIRECT_OBJC_ISA_USAGE = YES_ERROR;
				CLANG_WARN_DOCUMENTATION_COMMENTS = YES;
				CLANG_WARN_EMPTY_BODY = YES;
				CLANG_WARN_ENUM_CONVERSION = YES;
				CLANG_WARN_INFINITE_RECURSION = YES;
				CLANG_WARN_INT_CONVERSION = YES;
				CLANG_WARN_NON_LITERAL_NULL_CONVERSION = YES;
				CLANG_WARN_OBJC_IMPLICIT_RETAIN_SELF = YES;
				CLANG_WARN_OBJC_LITERAL_CONVERSION = YES;
				CLANG_WARN_OBJC_ROOT_CLASS = YES_ERROR;
				CLANG_WARN_QUOTED_INCLUDE_IN_FRAMEWORK_HEADER = YES;
				CLANG_WARN_RANGE_LOOP_ANALYSIS = YES;
				CLANG_WARN_STRICT_PROTOTYPES = YES;
				CLANG_WARN_SUSPICIOUS_MOVE = YES;
				CLANG_WARN_UNGUARDED_AVAILABILITY = YES_AGGRESSIVE;
				CLANG_WARN_UNREACHABLE_CODE = YES;
				CLANG_WARN__DUPLICATE_METHOD_MATCH = YES;
				COPY_PHASE_STRIP = NO;
				DEBUG_INFORMATION_FORMAT = dwarf;
				ENABLE_STRICT_OBJC_MSGSEND = YES;
				ENABLE_TESTABILITY = YES;
				GCC_C_LANGUAGE_STANDARD = gnu11;
				GCC_DYNAMIC_NO_PIC = NO;
				GCC_NO_COMMON_BLOCKS = YES;
				GCC_OPTIMIZATION_LEVEL = 0;
				GCC_PREPROCESSOR_DEFINITIONS = (
					"DEBUG=1",
					"$(inherited)",
				);
				GCC_WARN_64_TO_32_BIT_CONVERSION = YES;
				GCC_WARN_ABOUT_RETURN_TYPE = YES_ERROR;
				GCC_WARN_UNDECLARED_SELECTOR = YES;
				GCC_WARN_UNINITIALIZED_AUTOS = YES_AGGRESSIVE;
				GCC_WARN_UNUSED_FUNCTION = YES;
				GCC_WARN_UNUSED_VARIABLE = YES;
				IPHONEOS_DEPLOYMENT_TARGET = 13.0;
				MTL_ENABLE_DEBUG_INFO = INCLUDE_SOURCE;
				MTL_FAST_MATH = YES;
				ONLY_ACTIVE_ARCH = YES;
				SDKROOT = iphoneos;
				SWIFT_ACTIVE_COMPILATION_CONDITIONS = DEBUG;
				SWIFT_OPTIMIZATION_LEVEL = "-Onone";
			};
			name = Debug;
		};
		99AFBA6124F80DA100E71FD6 /* Release */ = {
			isa = XCBuildConfiguration;
			buildSettings = {
				ALWAYS_SEARCH_USER_PATHS = NO;
				CLANG_ANALYZER_LOCALIZABILITY_NONLOCALIZED = YES;
				CLANG_ANALYZER_NONNULL = YES;
				CLANG_ANALYZER_NUMBER_OBJECT_CONVERSION = YES_AGGRESSIVE;
				CLANG_CXX_LANGUAGE_STANDARD = "gnu++14";
				CLANG_CXX_LIBRARY = "libc++";
				CLANG_ENABLE_MODULES = YES;
				CLANG_ENABLE_OBJC_ARC = YES;
				CLANG_ENABLE_OBJC_WEAK = YES;
				CLANG_WARN_BLOCK_CAPTURE_AUTORELEASING = YES;
				CLANG_WARN_BOOL_CONVERSION = YES;
				CLANG_WARN_COMMA = YES;
				CLANG_WARN_CONSTANT_CONVERSION = YES;
				CLANG_WARN_DEPRECATED_OBJC_IMPLEMENTATIONS = YES;
				CLANG_WARN_DIRECT_OBJC_ISA_USAGE = YES_ERROR;
				CLANG_WARN_DOCUMENTATION_COMMENTS = YES;
				CLANG_WARN_EMPTY_BODY = YES;
				CLANG_WARN_ENUM_CONVERSION = YES;
				CLANG_WARN_INFINITE_RECURSION = YES;
				CLANG_WARN_INT_CONVERSION = YES;
				CLANG_WARN_NON_LITERAL_NULL_CONVERSION = YES;
				CLANG_WARN_OBJC_IMPLICIT_RETAIN_SELF = YES;
				CLANG_WARN_OBJC_LITERAL_CONVERSION = YES;
				CLANG_WARN_OBJC_ROOT_CLASS = YES_ERROR;
				CLANG_WARN_QUOTED_INCLUDE_IN_FRAMEWORK_HEADER = YES;
				CLANG_WARN_RANGE_LOOP_ANALYSIS = YES;
				CLANG_WARN_STRICT_PROTOTYPES = YES;
				CLANG_WARN_SUSPICIOUS_MOVE = YES;
				CLANG_WARN_UNGUARDED_AVAILABILITY = YES_AGGRESSIVE;
				CLANG_WARN_UNREACHABLE_CODE = YES;
				CLANG_WARN__DUPLICATE_METHOD_MATCH = YES;
				COPY_PHASE_STRIP = NO;
				DEBUG_INFORMATION_FORMAT = "dwarf-with-dsym";
				ENABLE_NS_ASSERTIONS = NO;
				ENABLE_STRICT_OBJC_MSGSEND = YES;
				GCC_C_LANGUAGE_STANDARD = gnu11;
				GCC_NO_COMMON_BLOCKS = YES;
				GCC_WARN_64_TO_32_BIT_CONVERSION = YES;
				GCC_WARN_ABOUT_RETURN_TYPE = YES_ERROR;
				GCC_WARN_UNDECLARED_SELECTOR = YES;
				GCC_WARN_UNINITIALIZED_AUTOS = YES_AGGRESSIVE;
				GCC_WARN_UNUSED_FUNCTION = YES;
				GCC_WARN_UNUSED_VARIABLE = YES;
				IPHONEOS_DEPLOYMENT_TARGET = 13.0;
				MTL_ENABLE_DEBUG_INFO = NO;
				MTL_FAST_MATH = YES;
				SDKROOT = iphoneos;
				SWIFT_COMPILATION_MODE = wholemodule;
				SWIFT_OPTIMIZATION_LEVEL = "-O";
				VALIDATE_PRODUCT = YES;
			};
			name = Release;
		};
		99AFBA6324F80DA100E71FD6 /* Debug */ = {
			isa = XCBuildConfiguration;
			baseConfigurationReference = 561858D2B68D4F8584D13FB1 /* Pods-Knitting_2_0.debug.xcconfig */;
			buildSettings = {
				ALWAYS_EMBED_SWIFT_STANDARD_LIBRARIES = NO;
				ASSETCATALOG_COMPILER_APPICON_NAME = AppIcon;
				CLANG_ENABLE_MODULES = YES;
				CODE_SIGN_ENTITLEMENTS = Knitting_2_0/Knitting_2_0.entitlements;
				CODE_SIGN_STYLE = Automatic;
				CURRENT_PROJECT_VERSION = 2;
				DEVELOPMENT_TEAM = JJC3HHT8LN;
				ENABLE_BITCODE = NO;
				INFOPLIST_FILE = Knitting_2_0/Info.plist;
				IPHONEOS_DEPLOYMENT_TARGET = 13.0;
				LD_RUNPATH_SEARCH_PATHS = (
					"$(inherited)",
					"@executable_path/Frameworks",
				);
				MARKETING_VERSION = 2.8.21;
				PRODUCT_BUNDLE_IDENTIFIER = "ru.polykuzin.Knitting-2-0";
				PRODUCT_NAME = "$(TARGET_NAME)";
				SWIFT_OBJC_BRIDGING_HEADER = "Knitting_2_0/IAP/Validation/Knitting_2_0-Bridging-Header.h";
				SWIFT_OPTIMIZATION_LEVEL = "-Onone";
				SWIFT_VERSION = 5.0;
				TARGETED_DEVICE_FAMILY = 1;
			};
			name = Debug;
		};
		99AFBA6424F80DA100E71FD6 /* Release */ = {
			isa = XCBuildConfiguration;
			baseConfigurationReference = 8257CCB6BAEED5BDB6953A6E /* Pods-Knitting_2_0.release.xcconfig */;
			buildSettings = {
				ALWAYS_EMBED_SWIFT_STANDARD_LIBRARIES = NO;
				ASSETCATALOG_COMPILER_APPICON_NAME = AppIcon;
				CLANG_ENABLE_MODULES = YES;
				CODE_SIGN_ENTITLEMENTS = Knitting_2_0/Knitting_2_0.entitlements;
				CODE_SIGN_STYLE = Automatic;
				CURRENT_PROJECT_VERSION = 2;
				DEVELOPMENT_TEAM = JJC3HHT8LN;
				ENABLE_BITCODE = NO;
				INFOPLIST_FILE = Knitting_2_0/Info.plist;
				IPHONEOS_DEPLOYMENT_TARGET = 13.0;
				LD_RUNPATH_SEARCH_PATHS = (
					"$(inherited)",
					"@executable_path/Frameworks",
				);
				MARKETING_VERSION = 2.8.21;
				PRODUCT_BUNDLE_IDENTIFIER = "ru.polykuzin.Knitting-2-0";
				PRODUCT_NAME = "$(TARGET_NAME)";
				SWIFT_OBJC_BRIDGING_HEADER = "Knitting_2_0/IAP/Validation/Knitting_2_0-Bridging-Header.h";
				SWIFT_VERSION = 5.0;
				TARGETED_DEVICE_FAMILY = 1;
			};
			name = Release;
		};
/* End XCBuildConfiguration section */

/* Begin XCConfigurationList section */
		993BC16425B4DC7C00890696 /* Build configuration list for PBXNativeTarget "KnitNotifications" */ = {
			isa = XCConfigurationList;
			buildConfigurations = (
				993BC16225B4DC7C00890696 /* Debug */,
				993BC16325B4DC7C00890696 /* Release */,
			);
			defaultConfigurationIsVisible = 0;
			defaultConfigurationName = Release;
		};
		99AFBA3E24F80D9E00E71FD6 /* Build configuration list for PBXProject "Knitting_2_0" */ = {
			isa = XCConfigurationList;
			buildConfigurations = (
				99AFBA6024F80DA100E71FD6 /* Debug */,
				99AFBA6124F80DA100E71FD6 /* Release */,
			);
			defaultConfigurationIsVisible = 0;
			defaultConfigurationName = Release;
		};
		99AFBA6224F80DA100E71FD6 /* Build configuration list for PBXNativeTarget "Knitting_2_0" */ = {
			isa = XCConfigurationList;
			buildConfigurations = (
				99AFBA6324F80DA100E71FD6 /* Debug */,
				99AFBA6424F80DA100E71FD6 /* Release */,
			);
			defaultConfigurationIsVisible = 0;
			defaultConfigurationName = Release;
		};
/* End XCConfigurationList section */
	};
	rootObject = 99AFBA3B24F80D9E00E71FD6 /* Project object */;
}
