// !$*UTF8*$!
{
	archiveVersion = 1;
	classes = {
	};
	objectVersion = 51;
	objects = {

/* Begin PBXBuildFile section */
		1310C4F491031D53BD835BDE /* Pods_Knitting_2_0Tests.framework in Frameworks */ = {isa = PBXBuildFile; fileRef = 3557FE70DD594785E40DB604 /* Pods_Knitting_2_0Tests.framework */; };
		9905ABE225024F5A0055B138 /* SF-Pro-Text-Semibold.otf in Resources */ = {isa = PBXBuildFile; fileRef = 9905ABE125024F5A0055B138 /* SF-Pro-Text-Semibold.otf */; };
		9905ABE4250254B80055B138 /* SF-Pro-Text-Regular.otf in Resources */ = {isa = PBXBuildFile; fileRef = 9905ABE3250254B80055B138 /* SF-Pro-Text-Regular.otf */; };
		994EF7142514B424009AA35B /* SetionHeader.swift in Sources */ = {isa = PBXBuildFile; fileRef = 994EF7132514B423009AA35B /* SetionHeader.swift */; };
		994EF7162514ECFF009AA35B /* SF-Pro-Display-Bold.otf in Resources */ = {isa = PBXBuildFile; fileRef = 994EF7152514ECFF009AA35B /* SF-Pro-Display-Bold.otf */; };
		9959471E250A582B00D0E273 /* MUsers.swift in Sources */ = {isa = PBXBuildFile; fileRef = 9959471D250A582B00D0E273 /* MUsers.swift */; };
		99594720250AD91F00D0E273 /* MainVC.swift in Sources */ = {isa = PBXBuildFile; fileRef = 9959471F250AD91F00D0E273 /* MainVC.swift */; };
		996FAF2C2508245D00209228 /* EntryVM.swift in Sources */ = {isa = PBXBuildFile; fileRef = 996FAF2B2508245D00209228 /* EntryVM.swift */; };
		996FAF2E2508249400209228 /* EntryVCTests.swift in Sources */ = {isa = PBXBuildFile; fileRef = 996FAF2D2508249400209228 /* EntryVCTests.swift */; };
		996FAF30250824A300209228 /* EntryVMTests.swift in Sources */ = {isa = PBXBuildFile; fileRef = 996FAF2F250824A300209228 /* EntryVMTests.swift */; };
		996FAF322508FB6D00209228 /* SF-Pro-Display-Semibold.otf in Resources */ = {isa = PBXBuildFile; fileRef = 996FAF312508FB6C00209228 /* SF-Pro-Display-Semibold.otf */; };
		998B9F85250BCAFA00C0C52F /* UIWindow.swift in Sources */ = {isa = PBXBuildFile; fileRef = 998B9F84250BCAFA00C0C52F /* UIWindow.swift */; };
		998B9F87250C1E2B00C0C52F /* MainVM.swift in Sources */ = {isa = PBXBuildFile; fileRef = 998B9F86250C1E2B00C0C52F /* MainVM.swift */; };
		998B9F89250C255600C0C52F /* MProjects.swift in Sources */ = {isa = PBXBuildFile; fileRef = 998B9F88250C255600C0C52F /* MProjects.swift */; };
		998B9F8B250C2FA100C0C52F /* ForgotPassVC.swift in Sources */ = {isa = PBXBuildFile; fileRef = 998B9F8A250C2FA100C0C52F /* ForgotPassVC.swift */; };
		998B9F8D250C2FBB00C0C52F /* ForgotPassVM.swift in Sources */ = {isa = PBXBuildFile; fileRef = 998B9F8C250C2FBB00C0C52F /* ForgotPassVM.swift */; };
		998B9F8F250D817000C0C52F /* ProjectCell.swift in Sources */ = {isa = PBXBuildFile; fileRef = 998B9F8E250D817000C0C52F /* ProjectCell.swift */; };
		998B9F91250D81BE00C0C52F /* SwipeableCell.swift in Sources */ = {isa = PBXBuildFile; fileRef = 998B9F90250D81BE00C0C52F /* SwipeableCell.swift */; };
		998B9F93250E1CD300C0C52F /* MSections.swift in Sources */ = {isa = PBXBuildFile; fileRef = 998B9F92250E1CD300C0C52F /* MSections.swift */; };
		99AFBA4724F80D9E00E71FD6 /* AppDelegate.swift in Sources */ = {isa = PBXBuildFile; fileRef = 99AFBA4624F80D9E00E71FD6 /* AppDelegate.swift */; };
		99AFBA4924F80D9E00E71FD6 /* SceneDelegate.swift in Sources */ = {isa = PBXBuildFile; fileRef = 99AFBA4824F80D9E00E71FD6 /* SceneDelegate.swift */; };
		99AFBA4B24F80D9E00E71FD6 /* RegistrationVC.swift in Sources */ = {isa = PBXBuildFile; fileRef = 99AFBA4A24F80D9E00E71FD6 /* RegistrationVC.swift */; };
		99AFBA5024F80DA000E71FD6 /* Assets.xcassets in Resources */ = {isa = PBXBuildFile; fileRef = 99AFBA4F24F80DA000E71FD6 /* Assets.xcassets */; };
		99AFBA5324F80DA000E71FD6 /* LaunchScreen.storyboard in Resources */ = {isa = PBXBuildFile; fileRef = 99AFBA5124F80DA000E71FD6 /* LaunchScreen.storyboard */; };
		99AFBA5E24F80DA000E71FD6 /* RegistrationVMTests.swift in Sources */ = {isa = PBXBuildFile; fileRef = 99AFBA5D24F80DA000E71FD6 /* RegistrationVMTests.swift */; };
		99AFBA7024F8121D00E71FD6 /* RegistrationVM.swift in Sources */ = {isa = PBXBuildFile; fileRef = 99AFBA6F24F8121D00E71FD6 /* RegistrationVM.swift */; };
		99AFBA7324F8125A00E71FD6 /* ConstantsTests.swift in Sources */ = {isa = PBXBuildFile; fileRef = 99AFBA7224F8125A00E71FD6 /* ConstantsTests.swift */; };
		99AFBA7824F819A100E71FD6 /* RegistrationVCTests.swift in Sources */ = {isa = PBXBuildFile; fileRef = 99AFBA7724F819A100E71FD6 /* RegistrationVCTests.swift */; };
		99AFBA7A24F9667F00E71FD6 /* Constants.swift in Sources */ = {isa = PBXBuildFile; fileRef = 99AFBA7924F9667F00E71FD6 /* Constants.swift */; };
		99AFBA7D24FC298E00E71FD6 /* SF-Pro-Display-Medium.otf in Resources */ = {isa = PBXBuildFile; fileRef = 99AFBA7C24FC298E00E71FD6 /* SF-Pro-Display-Medium.otf */; };
		99B206722504DD8B00FA6C50 /* LogInVC.swift in Sources */ = {isa = PBXBuildFile; fileRef = 99B206712504DD8B00FA6C50 /* LogInVC.swift */; };
		99B206742504DDF700FA6C50 /* LogInVM.swift in Sources */ = {isa = PBXBuildFile; fileRef = 99B206732504DDF700FA6C50 /* LogInVM.swift */; };
		99B206762504DF3800FA6C50 /* LogInVCTests.swift in Sources */ = {isa = PBXBuildFile; fileRef = 99B206752504DF3800FA6C50 /* LogInVCTests.swift */; };
		99B206782504DF5700FA6C50 /* LogInVMTests.swift in Sources */ = {isa = PBXBuildFile; fileRef = 99B206772504DF5700FA6C50 /* LogInVMTests.swift */; };
		99B2067A2504F10600FA6C50 /* EntryVC.swift in Sources */ = {isa = PBXBuildFile; fileRef = 99B206792504F10600FA6C50 /* EntryVC.swift */; };
		99B509BC24FDB1D60046A2B1 /* UIViewExt.swift in Sources */ = {isa = PBXBuildFile; fileRef = 99B509BB24FDB1D60046A2B1 /* UIViewExt.swift */; };
		99B509BF24FDB2780046A2B1 /* UIViewExtentionsTests.swift in Sources */ = {isa = PBXBuildFile; fileRef = 99B509BE24FDB2780046A2B1 /* UIViewExtentionsTests.swift */; };
		99E4A1C625091FBE003CA7C9 /* GoogleService-Info.plist in Resources */ = {isa = PBXBuildFile; fileRef = 99E4A1C525091FBE003CA7C9 /* GoogleService-Info.plist */; };
		99EF88B42517F46E00C77181 /* SwipeableCollectionViewCellProtocol.swift in Sources */ = {isa = PBXBuildFile; fileRef = 99EF88B32517F46E00C77181 /* SwipeableCollectionViewCellProtocol.swift */; };
		99EF88B62517F4AC00C77181 /* CardViewControllerProtocol.swift in Sources */ = {isa = PBXBuildFile; fileRef = 99EF88B52517F4AC00C77181 /* CardViewControllerProtocol.swift */; };
		99EF88B8251821F900C77181 /* NewProjectCardVM.swift in Sources */ = {isa = PBXBuildFile; fileRef = 99EF88B7251821F900C77181 /* NewProjectCardVM.swift */; };
		99EFB5602515638F003A5D07 /* SF-Pro-Text-Bold.otf in Resources */ = {isa = PBXBuildFile; fileRef = 99EFB55F2515638F003A5D07 /* SF-Pro-Text-Bold.otf */; };
		99EFB562251567CD003A5D07 /* SF-Pro-Display-Regular.otf in Resources */ = {isa = PBXBuildFile; fileRef = 99EFB561251567CD003A5D07 /* SF-Pro-Display-Regular.otf */; };
		99EFB56425168A7E003A5D07 /* ProfileCardVC.swift in Sources */ = {isa = PBXBuildFile; fileRef = 99EFB56325168A7E003A5D07 /* ProfileCardVC.swift */; };
		99EFB56625168AF5003A5D07 /* ProfileCardVM.swift in Sources */ = {isa = PBXBuildFile; fileRef = 99EFB56525168AF5003A5D07 /* ProfileCardVM.swift */; };
		99EFB56A25177805003A5D07 /* CardViewAnimations.swift in Sources */ = {isa = PBXBuildFile; fileRef = 99EFB56925177805003A5D07 /* CardViewAnimations.swift */; };
		99EFB56C25178D77003A5D07 /* NewProjectCardVC.swift in Sources */ = {isa = PBXBuildFile; fileRef = 99EFB56B25178D77003A5D07 /* NewProjectCardVC.swift */; };
		F923C35C687FA08E942E54EC /* Pods_Knitting_2_0.framework in Frameworks */ = {isa = PBXBuildFile; fileRef = A9AB0322FBAB47D7907630EB /* Pods_Knitting_2_0.framework */; };
/* End PBXBuildFile section */

/* Begin PBXContainerItemProxy section */
		99AFBA5A24F80DA000E71FD6 /* PBXContainerItemProxy */ = {
			isa = PBXContainerItemProxy;
			containerPortal = 99AFBA3B24F80D9E00E71FD6 /* Project object */;
			proxyType = 1;
			remoteGlobalIDString = 99AFBA4224F80D9E00E71FD6;
			remoteInfo = Knitting_2_0;
		};
/* End PBXContainerItemProxy section */

/* Begin PBXFileReference section */
		3557FE70DD594785E40DB604 /* Pods_Knitting_2_0Tests.framework */ = {isa = PBXFileReference; explicitFileType = wrapper.framework; includeInIndex = 0; path = Pods_Knitting_2_0Tests.framework; sourceTree = BUILT_PRODUCTS_DIR; };
		561858D2B68D4F8584D13FB1 /* Pods-Knitting_2_0.debug.xcconfig */ = {isa = PBXFileReference; includeInIndex = 1; lastKnownFileType = text.xcconfig; name = "Pods-Knitting_2_0.debug.xcconfig"; path = "Target Support Files/Pods-Knitting_2_0/Pods-Knitting_2_0.debug.xcconfig"; sourceTree = "<group>"; };
		8257CCB6BAEED5BDB6953A6E /* Pods-Knitting_2_0.release.xcconfig */ = {isa = PBXFileReference; includeInIndex = 1; lastKnownFileType = text.xcconfig; name = "Pods-Knitting_2_0.release.xcconfig"; path = "Target Support Files/Pods-Knitting_2_0/Pods-Knitting_2_0.release.xcconfig"; sourceTree = "<group>"; };
		9905ABE125024F5A0055B138 /* SF-Pro-Text-Semibold.otf */ = {isa = PBXFileReference; lastKnownFileType = file; path = "SF-Pro-Text-Semibold.otf"; sourceTree = "<group>"; };
		9905ABE3250254B80055B138 /* SF-Pro-Text-Regular.otf */ = {isa = PBXFileReference; lastKnownFileType = file; path = "SF-Pro-Text-Regular.otf"; sourceTree = "<group>"; };
		994EF7132514B423009AA35B /* SetionHeader.swift */ = {isa = PBXFileReference; lastKnownFileType = sourcecode.swift; path = SetionHeader.swift; sourceTree = "<group>"; };
		994EF7152514ECFF009AA35B /* SF-Pro-Display-Bold.otf */ = {isa = PBXFileReference; lastKnownFileType = file; path = "SF-Pro-Display-Bold.otf"; sourceTree = "<group>"; };
		9959471D250A582B00D0E273 /* MUsers.swift */ = {isa = PBXFileReference; lastKnownFileType = sourcecode.swift; path = MUsers.swift; sourceTree = "<group>"; };
		9959471F250AD91F00D0E273 /* MainVC.swift */ = {isa = PBXFileReference; lastKnownFileType = sourcecode.swift; path = MainVC.swift; sourceTree = "<group>"; };
		996FAF2B2508245D00209228 /* EntryVM.swift */ = {isa = PBXFileReference; lastKnownFileType = sourcecode.swift; path = EntryVM.swift; sourceTree = "<group>"; };
		996FAF2D2508249400209228 /* EntryVCTests.swift */ = {isa = PBXFileReference; lastKnownFileType = sourcecode.swift; path = EntryVCTests.swift; sourceTree = "<group>"; };
		996FAF2F250824A300209228 /* EntryVMTests.swift */ = {isa = PBXFileReference; lastKnownFileType = sourcecode.swift; path = EntryVMTests.swift; sourceTree = "<group>"; };
		996FAF312508FB6C00209228 /* SF-Pro-Display-Semibold.otf */ = {isa = PBXFileReference; lastKnownFileType = file; path = "SF-Pro-Display-Semibold.otf"; sourceTree = "<group>"; };
		998B9F84250BCAFA00C0C52F /* UIWindow.swift */ = {isa = PBXFileReference; lastKnownFileType = sourcecode.swift; path = UIWindow.swift; sourceTree = "<group>"; };
		998B9F86250C1E2B00C0C52F /* MainVM.swift */ = {isa = PBXFileReference; lastKnownFileType = sourcecode.swift; path = MainVM.swift; sourceTree = "<group>"; };
		998B9F88250C255600C0C52F /* MProjects.swift */ = {isa = PBXFileReference; lastKnownFileType = sourcecode.swift; path = MProjects.swift; sourceTree = "<group>"; };
		998B9F8A250C2FA100C0C52F /* ForgotPassVC.swift */ = {isa = PBXFileReference; lastKnownFileType = sourcecode.swift; path = ForgotPassVC.swift; sourceTree = "<group>"; };
		998B9F8C250C2FBB00C0C52F /* ForgotPassVM.swift */ = {isa = PBXFileReference; lastKnownFileType = sourcecode.swift; path = ForgotPassVM.swift; sourceTree = "<group>"; };
		998B9F8E250D817000C0C52F /* ProjectCell.swift */ = {isa = PBXFileReference; lastKnownFileType = sourcecode.swift; path = ProjectCell.swift; sourceTree = "<group>"; };
		998B9F90250D81BE00C0C52F /* SwipeableCell.swift */ = {isa = PBXFileReference; lastKnownFileType = sourcecode.swift; path = SwipeableCell.swift; sourceTree = "<group>"; };
		998B9F92250E1CD300C0C52F /* MSections.swift */ = {isa = PBXFileReference; lastKnownFileType = sourcecode.swift; path = MSections.swift; sourceTree = "<group>"; };
		99AFBA4324F80D9E00E71FD6 /* Knitting_2_0.app */ = {isa = PBXFileReference; explicitFileType = wrapper.application; includeInIndex = 0; path = Knitting_2_0.app; sourceTree = BUILT_PRODUCTS_DIR; };
		99AFBA4624F80D9E00E71FD6 /* AppDelegate.swift */ = {isa = PBXFileReference; lastKnownFileType = sourcecode.swift; path = AppDelegate.swift; sourceTree = "<group>"; };
		99AFBA4824F80D9E00E71FD6 /* SceneDelegate.swift */ = {isa = PBXFileReference; lastKnownFileType = sourcecode.swift; path = SceneDelegate.swift; sourceTree = "<group>"; };
		99AFBA4A24F80D9E00E71FD6 /* RegistrationVC.swift */ = {isa = PBXFileReference; lastKnownFileType = sourcecode.swift; path = RegistrationVC.swift; sourceTree = "<group>"; };
		99AFBA4F24F80DA000E71FD6 /* Assets.xcassets */ = {isa = PBXFileReference; lastKnownFileType = folder.assetcatalog; path = Assets.xcassets; sourceTree = "<group>"; };
		99AFBA5224F80DA000E71FD6 /* Base */ = {isa = PBXFileReference; lastKnownFileType = file.storyboard; name = Base; path = Base.lproj/LaunchScreen.storyboard; sourceTree = "<group>"; };
		99AFBA5424F80DA000E71FD6 /* Info.plist */ = {isa = PBXFileReference; lastKnownFileType = text.plist.xml; path = Info.plist; sourceTree = "<group>"; };
		99AFBA5924F80DA000E71FD6 /* Knitting_2_0Tests.xctest */ = {isa = PBXFileReference; explicitFileType = wrapper.cfbundle; includeInIndex = 0; path = Knitting_2_0Tests.xctest; sourceTree = BUILT_PRODUCTS_DIR; };
		99AFBA5D24F80DA000E71FD6 /* RegistrationVMTests.swift */ = {isa = PBXFileReference; lastKnownFileType = sourcecode.swift; path = RegistrationVMTests.swift; sourceTree = "<group>"; };
		99AFBA5F24F80DA000E71FD6 /* Info.plist */ = {isa = PBXFileReference; lastKnownFileType = text.plist.xml; path = Info.plist; sourceTree = "<group>"; };
		99AFBA6F24F8121D00E71FD6 /* RegistrationVM.swift */ = {isa = PBXFileReference; lastKnownFileType = sourcecode.swift; path = RegistrationVM.swift; sourceTree = "<group>"; };
		99AFBA7224F8125A00E71FD6 /* ConstantsTests.swift */ = {isa = PBXFileReference; lastKnownFileType = sourcecode.swift; path = ConstantsTests.swift; sourceTree = "<group>"; };
		99AFBA7724F819A100E71FD6 /* RegistrationVCTests.swift */ = {isa = PBXFileReference; lastKnownFileType = sourcecode.swift; path = RegistrationVCTests.swift; sourceTree = "<group>"; };
		99AFBA7924F9667F00E71FD6 /* Constants.swift */ = {isa = PBXFileReference; lastKnownFileType = sourcecode.swift; path = Constants.swift; sourceTree = "<group>"; };
		99AFBA7C24FC298E00E71FD6 /* SF-Pro-Display-Medium.otf */ = {isa = PBXFileReference; lastKnownFileType = file; path = "SF-Pro-Display-Medium.otf"; sourceTree = "<group>"; };
		99B206712504DD8B00FA6C50 /* LogInVC.swift */ = {isa = PBXFileReference; lastKnownFileType = sourcecode.swift; path = LogInVC.swift; sourceTree = "<group>"; };
		99B206732504DDF700FA6C50 /* LogInVM.swift */ = {isa = PBXFileReference; lastKnownFileType = sourcecode.swift; path = LogInVM.swift; sourceTree = "<group>"; };
		99B206752504DF3800FA6C50 /* LogInVCTests.swift */ = {isa = PBXFileReference; lastKnownFileType = sourcecode.swift; path = LogInVCTests.swift; sourceTree = "<group>"; };
		99B206772504DF5700FA6C50 /* LogInVMTests.swift */ = {isa = PBXFileReference; lastKnownFileType = sourcecode.swift; path = LogInVMTests.swift; sourceTree = "<group>"; };
		99B206792504F10600FA6C50 /* EntryVC.swift */ = {isa = PBXFileReference; lastKnownFileType = sourcecode.swift; path = EntryVC.swift; sourceTree = "<group>"; };
		99B509BB24FDB1D60046A2B1 /* UIViewExt.swift */ = {isa = PBXFileReference; lastKnownFileType = sourcecode.swift; path = UIViewExt.swift; sourceTree = "<group>"; };
		99B509BE24FDB2780046A2B1 /* UIViewExtentionsTests.swift */ = {isa = PBXFileReference; lastKnownFileType = sourcecode.swift; path = UIViewExtentionsTests.swift; sourceTree = "<group>"; };
		99E4A1C525091FBE003CA7C9 /* GoogleService-Info.plist */ = {isa = PBXFileReference; fileEncoding = 4; lastKnownFileType = text.plist.xml; path = "GoogleService-Info.plist"; sourceTree = "<group>"; };
		99EF88B32517F46E00C77181 /* SwipeableCollectionViewCellProtocol.swift */ = {isa = PBXFileReference; lastKnownFileType = sourcecode.swift; name = SwipeableCollectionViewCellProtocol.swift; path = Knitting_2_0/Views/Main/SwipeableCollectionViewCellProtocol.swift; sourceTree = SOURCE_ROOT; };
		99EF88B52517F4AC00C77181 /* CardViewControllerProtocol.swift */ = {isa = PBXFileReference; lastKnownFileType = sourcecode.swift; name = CardViewControllerProtocol.swift; path = Knitting_2_0/Views/Main/CardViewControllerProtocol.swift; sourceTree = SOURCE_ROOT; };
		99EF88B7251821F900C77181 /* NewProjectCardVM.swift */ = {isa = PBXFileReference; lastKnownFileType = sourcecode.swift; path = NewProjectCardVM.swift; sourceTree = "<group>"; };
		99EFB55F2515638F003A5D07 /* SF-Pro-Text-Bold.otf */ = {isa = PBXFileReference; lastKnownFileType = file; path = "SF-Pro-Text-Bold.otf"; sourceTree = "<group>"; };
		99EFB561251567CD003A5D07 /* SF-Pro-Display-Regular.otf */ = {isa = PBXFileReference; lastKnownFileType = file; path = "SF-Pro-Display-Regular.otf"; sourceTree = "<group>"; };
		99EFB56325168A7E003A5D07 /* ProfileCardVC.swift */ = {isa = PBXFileReference; lastKnownFileType = sourcecode.swift; path = ProfileCardVC.swift; sourceTree = "<group>"; };
		99EFB56525168AF5003A5D07 /* ProfileCardVM.swift */ = {isa = PBXFileReference; lastKnownFileType = sourcecode.swift; path = ProfileCardVM.swift; sourceTree = "<group>"; };
		99EFB56925177805003A5D07 /* CardViewAnimations.swift */ = {isa = PBXFileReference; lastKnownFileType = sourcecode.swift; path = CardViewAnimations.swift; sourceTree = "<group>"; };
		99EFB56B25178D77003A5D07 /* NewProjectCardVC.swift */ = {isa = PBXFileReference; lastKnownFileType = sourcecode.swift; path = NewProjectCardVC.swift; sourceTree = "<group>"; };
		A9AB0322FBAB47D7907630EB /* Pods_Knitting_2_0.framework */ = {isa = PBXFileReference; explicitFileType = wrapper.framework; includeInIndex = 0; path = Pods_Knitting_2_0.framework; sourceTree = BUILT_PRODUCTS_DIR; };
		B63AB392BD94FD626BC5C223 /* Pods-Knitting_2_0Tests.release.xcconfig */ = {isa = PBXFileReference; includeInIndex = 1; lastKnownFileType = text.xcconfig; name = "Pods-Knitting_2_0Tests.release.xcconfig"; path = "Target Support Files/Pods-Knitting_2_0Tests/Pods-Knitting_2_0Tests.release.xcconfig"; sourceTree = "<group>"; };
		E1676BB02479D45F64F22B54 /* Pods-Knitting_2_0Tests.debug.xcconfig */ = {isa = PBXFileReference; includeInIndex = 1; lastKnownFileType = text.xcconfig; name = "Pods-Knitting_2_0Tests.debug.xcconfig"; path = "Target Support Files/Pods-Knitting_2_0Tests/Pods-Knitting_2_0Tests.debug.xcconfig"; sourceTree = "<group>"; };
/* End PBXFileReference section */

/* Begin PBXFrameworksBuildPhase section */
		99AFBA4024F80D9E00E71FD6 /* Frameworks */ = {
			isa = PBXFrameworksBuildPhase;
			buildActionMask = 2147483647;
			files = (
				F923C35C687FA08E942E54EC /* Pods_Knitting_2_0.framework in Frameworks */,
			);
			runOnlyForDeploymentPostprocessing = 0;
		};
		99AFBA5624F80DA000E71FD6 /* Frameworks */ = {
			isa = PBXFrameworksBuildPhase;
			buildActionMask = 2147483647;
			files = (
				1310C4F491031D53BD835BDE /* Pods_Knitting_2_0Tests.framework in Frameworks */,
			);
			runOnlyForDeploymentPostprocessing = 0;
		};
/* End PBXFrameworksBuildPhase section */

/* Begin PBXGroup section */
		08A18B26175CFE69233B92F8 /* Frameworks */ = {
			isa = PBXGroup;
			children = (
				A9AB0322FBAB47D7907630EB /* Pods_Knitting_2_0.framework */,
				3557FE70DD594785E40DB604 /* Pods_Knitting_2_0Tests.framework */,
			);
			name = Frameworks;
			sourceTree = "<group>";
		};
		994EF71725153490009AA35B /* Main */ = {
			isa = PBXGroup;
			children = (
				9959471F250AD91F00D0E273 /* MainVC.swift */,
				998B9F8E250D817000C0C52F /* ProjectCell.swift */,
				998B9F90250D81BE00C0C52F /* SwipeableCell.swift */,
				994EF7132514B423009AA35B /* SetionHeader.swift */,
				99EFB56925177805003A5D07 /* CardViewAnimations.swift */,
				99EFB56D25178D89003A5D07 /* Cards */,
			);
			path = Main;
			sourceTree = "<group>";
		};
		996FAF332508FC8200209228 /* Entry */ = {
			isa = PBXGroup;
			children = (
				99AFBA5124F80DA000E71FD6 /* LaunchScreen.storyboard */,
				99B206792504F10600FA6C50 /* EntryVC.swift */,
				99B206712504DD8B00FA6C50 /* LogInVC.swift */,
				99AFBA4A24F80D9E00E71FD6 /* RegistrationVC.swift */,
				998B9F8A250C2FA100C0C52F /* ForgotPassVC.swift */,
			);
			path = Entry;
			sourceTree = "<group>";
		};
		996FAF342508FC9000209228 /* Entry */ = {
			isa = PBXGroup;
			children = (
				996FAF2B2508245D00209228 /* EntryVM.swift */,
				99B206732504DDF700FA6C50 /* LogInVM.swift */,
				99AFBA6F24F8121D00E71FD6 /* RegistrationVM.swift */,
				998B9F8C250C2FBB00C0C52F /* ForgotPassVM.swift */,
			);
			path = Entry;
			sourceTree = "<group>";
		};
		99AFBA3A24F80D9E00E71FD6 = {
			isa = PBXGroup;
			children = (
				99AFBA4524F80D9E00E71FD6 /* Knitting_2_0 */,
				99AFBA5C24F80DA000E71FD6 /* Knitting_2_0Tests */,
				99AFBA4424F80D9E00E71FD6 /* Products */,
				D41AB12B2FDCE20E3F502767 /* Pods */,
				08A18B26175CFE69233B92F8 /* Frameworks */,
			);
			sourceTree = "<group>";
			usesTabs = 1;
		};
		99AFBA4424F80D9E00E71FD6 /* Products */ = {
			isa = PBXGroup;
			children = (
				99AFBA4324F80D9E00E71FD6 /* Knitting_2_0.app */,
				99AFBA5924F80DA000E71FD6 /* Knitting_2_0Tests.xctest */,
			);
			name = Products;
			sourceTree = "<group>";
		};
		99AFBA4524F80D9E00E71FD6 /* Knitting_2_0 */ = {
			isa = PBXGroup;
			children = (
				99AFBA4F24F80DA000E71FD6 /* Assets.xcassets */,
				99AFBA6D24F8111500E71FD6 /* Extensions */,
				99AFBA6C24F810BC00E71FD6 /* Protocols */,
				99AFBA6B24F810B000E71FD6 /* Supporting */,
				99AFBA6824F8101F00E71FD6 /* Models */,
				99AFBA6924F8102A00E71FD6 /* Views */,
				99AFBA6A24F8103600E71FD6 /* ViewModels */,
				99AFBA5424F80DA000E71FD6 /* Info.plist */,
				99E4A1C525091FBE003CA7C9 /* GoogleService-Info.plist */,
			);
			path = Knitting_2_0;
			sourceTree = "<group>";
		};
		99AFBA5C24F80DA000E71FD6 /* Knitting_2_0Tests */ = {
			isa = PBXGroup;
			children = (
				99B509BD24FDB1F90046A2B1 /* ExtensionsTests */,
				99AFBA7624F8198900E71FD6 /* ViewTests */,
				99AFBA6E24F8120700E71FD6 /* ViewModelTests */,
				99AFBA7124F8123E00E71FD6 /* SupportingTests */,
				99AFBA5F24F80DA000E71FD6 /* Info.plist */,
			);
			path = Knitting_2_0Tests;
			sourceTree = "<group>";
		};
		99AFBA6824F8101F00E71FD6 /* Models */ = {
			isa = PBXGroup;
			children = (
				9959471D250A582B00D0E273 /* MUsers.swift */,
				998B9F88250C255600C0C52F /* MProjects.swift */,
				998B9F92250E1CD300C0C52F /* MSections.swift */,
			);
			path = Models;
			sourceTree = "<group>";
		};
		99AFBA6924F8102A00E71FD6 /* Views */ = {
			isa = PBXGroup;
			children = (
				996FAF332508FC8200209228 /* Entry */,
				994EF71725153490009AA35B /* Main */,
			);
			path = Views;
			sourceTree = "<group>";
		};
		99AFBA6A24F8103600E71FD6 /* ViewModels */ = {
			isa = PBXGroup;
			children = (
				996FAF342508FC9000209228 /* Entry */,
				998B9F86250C1E2B00C0C52F /* MainVM.swift */,
				99EF88B9251822FD00C77181 /* CardsVM */,
			);
			path = ViewModels;
			sourceTree = "<group>";
		};
		99AFBA6B24F810B000E71FD6 /* Supporting */ = {
			isa = PBXGroup;
			children = (
				99AFBA7B24FC295600E71FD6 /* Fonts */,
				99AFBA4624F80D9E00E71FD6 /* AppDelegate.swift */,
				99AFBA4824F80D9E00E71FD6 /* SceneDelegate.swift */,
				99AFBA7924F9667F00E71FD6 /* Constants.swift */,
			);
			path = Supporting;
			sourceTree = "<group>";
		};
		99AFBA6C24F810BC00E71FD6 /* Protocols */ = {
			isa = PBXGroup;
			children = (
				99EF88B32517F46E00C77181 /* SwipeableCollectionViewCellProtocol.swift */,
				99EF88B52517F4AC00C77181 /* CardViewControllerProtocol.swift */,
			);
			path = Protocols;
			sourceTree = "<group>";
		};
		99AFBA6D24F8111500E71FD6 /* Extensions */ = {
			isa = PBXGroup;
			children = (
				99B509BB24FDB1D60046A2B1 /* UIViewExt.swift */,
				998B9F84250BCAFA00C0C52F /* UIWindow.swift */,
			);
			path = Extensions;
			sourceTree = "<group>";
		};
		99AFBA6E24F8120700E71FD6 /* ViewModelTests */ = {
			isa = PBXGroup;
			children = (
				996FAF2F250824A300209228 /* EntryVMTests.swift */,
				99B206772504DF5700FA6C50 /* LogInVMTests.swift */,
				99AFBA5D24F80DA000E71FD6 /* RegistrationVMTests.swift */,
			);
			path = ViewModelTests;
			sourceTree = "<group>";
		};
		99AFBA7124F8123E00E71FD6 /* SupportingTests */ = {
			isa = PBXGroup;
			children = (
				99AFBA7224F8125A00E71FD6 /* ConstantsTests.swift */,
			);
			path = SupportingTests;
			sourceTree = "<group>";
		};
		99AFBA7624F8198900E71FD6 /* ViewTests */ = {
			isa = PBXGroup;
			children = (
				996FAF2D2508249400209228 /* EntryVCTests.swift */,
				99B206752504DF3800FA6C50 /* LogInVCTests.swift */,
				99AFBA7724F819A100E71FD6 /* RegistrationVCTests.swift */,
			);
			path = ViewTests;
			sourceTree = "<group>";
		};
		99AFBA7B24FC295600E71FD6 /* Fonts */ = {
			isa = PBXGroup;
			children = (
				99AFBA7C24FC298E00E71FD6 /* SF-Pro-Display-Medium.otf */,
				9905ABE125024F5A0055B138 /* SF-Pro-Text-Semibold.otf */,
				9905ABE3250254B80055B138 /* SF-Pro-Text-Regular.otf */,
				994EF7152514ECFF009AA35B /* SF-Pro-Display-Bold.otf */,
				99EFB55F2515638F003A5D07 /* SF-Pro-Text-Bold.otf */,
				99EFB561251567CD003A5D07 /* SF-Pro-Display-Regular.otf */,
				996FAF312508FB6C00209228 /* SF-Pro-Display-Semibold.otf */,
			);
			path = Fonts;
			sourceTree = "<group>";
		};
		99B509BD24FDB1F90046A2B1 /* ExtensionsTests */ = {
			isa = PBXGroup;
			children = (
				99B509BE24FDB2780046A2B1 /* UIViewExtentionsTests.swift */,
			);
			path = ExtensionsTests;
			sourceTree = "<group>";
		};
		99EF88B9251822FD00C77181 /* CardsVM */ = {
			isa = PBXGroup;
			children = (
				99EFB56525168AF5003A5D07 /* ProfileCardVM.swift */,
				99EF88B7251821F900C77181 /* NewProjectCardVM.swift */,
			);
			path = CardsVM;
			sourceTree = "<group>";
		};
		99EFB56D25178D89003A5D07 /* Cards */ = {
			isa = PBXGroup;
			children = (
				99EFB56325168A7E003A5D07 /* ProfileCardVC.swift */,
				99EFB56B25178D77003A5D07 /* NewProjectCardVC.swift */,
			);
			path = Cards;
			sourceTree = "<group>";
		};
		D41AB12B2FDCE20E3F502767 /* Pods */ = {
			isa = PBXGroup;
			children = (
				561858D2B68D4F8584D13FB1 /* Pods-Knitting_2_0.debug.xcconfig */,
				8257CCB6BAEED5BDB6953A6E /* Pods-Knitting_2_0.release.xcconfig */,
				E1676BB02479D45F64F22B54 /* Pods-Knitting_2_0Tests.debug.xcconfig */,
				B63AB392BD94FD626BC5C223 /* Pods-Knitting_2_0Tests.release.xcconfig */,
			);
			path = Pods;
			sourceTree = "<group>";
		};
/* End PBXGroup section */

/* Begin PBXNativeTarget section */
		99AFBA4224F80D9E00E71FD6 /* Knitting_2_0 */ = {
			isa = PBXNativeTarget;
			buildConfigurationList = 99AFBA6224F80DA100E71FD6 /* Build configuration list for PBXNativeTarget "Knitting_2_0" */;
			buildPhases = (
				138198E4A14810DB49640DAB /* [CP] Check Pods Manifest.lock */,
				99AFBA3F24F80D9E00E71FD6 /* Sources */,
				99AFBA4024F80D9E00E71FD6 /* Frameworks */,
				99AFBA4124F80D9E00E71FD6 /* Resources */,
				A8FD8A1C7BA1C565C058E271 /* [CP] Embed Pods Frameworks */,
			);
			buildRules = (
			);
			dependencies = (
			);
			name = Knitting_2_0;
			productName = Knitting_2_0;
			productReference = 99AFBA4324F80D9E00E71FD6 /* Knitting_2_0.app */;
			productType = "com.apple.product-type.application";
		};
		99AFBA5824F80DA000E71FD6 /* Knitting_2_0Tests */ = {
			isa = PBXNativeTarget;
			buildConfigurationList = 99AFBA6524F80DA100E71FD6 /* Build configuration list for PBXNativeTarget "Knitting_2_0Tests" */;
			buildPhases = (
				0C2F77A2F0039A5855D8C126 /* [CP] Check Pods Manifest.lock */,
				99AFBA5524F80DA000E71FD6 /* Sources */,
				99AFBA5624F80DA000E71FD6 /* Frameworks */,
				99AFBA5724F80DA000E71FD6 /* Resources */,
			);
			buildRules = (
			);
			dependencies = (
				99AFBA5B24F80DA000E71FD6 /* PBXTargetDependency */,
			);
			name = Knitting_2_0Tests;
			productName = Knitting_2_0Tests;
			productReference = 99AFBA5924F80DA000E71FD6 /* Knitting_2_0Tests.xctest */;
			productType = "com.apple.product-type.bundle.unit-test";
		};
/* End PBXNativeTarget section */

/* Begin PBXProject section */
		99AFBA3B24F80D9E00E71FD6 /* Project object */ = {
			isa = PBXProject;
			attributes = {
				LastSwiftUpdateCheck = 1150;
				LastUpgradeCheck = 1150;
				ORGANIZATIONNAME = "Павел Кузин";
				TargetAttributes = {
					99AFBA4224F80D9E00E71FD6 = {
						CreatedOnToolsVersion = 11.5;
					};
					99AFBA5824F80DA000E71FD6 = {
						CreatedOnToolsVersion = 11.5;
						TestTargetID = 99AFBA4224F80D9E00E71FD6;
					};
				};
			};
			buildConfigurationList = 99AFBA3E24F80D9E00E71FD6 /* Build configuration list for PBXProject "Knitting_2_0" */;
			compatibilityVersion = "Xcode 9.3";
			developmentRegion = en;
			hasScannedForEncodings = 0;
			knownRegions = (
				en,
				Base,
			);
			mainGroup = 99AFBA3A24F80D9E00E71FD6;
			productRefGroup = 99AFBA4424F80D9E00E71FD6 /* Products */;
			projectDirPath = "";
			projectRoot = "";
			targets = (
				99AFBA4224F80D9E00E71FD6 /* Knitting_2_0 */,
				99AFBA5824F80DA000E71FD6 /* Knitting_2_0Tests */,
			);
		};
/* End PBXProject section */

/* Begin PBXResourcesBuildPhase section */
		99AFBA4124F80D9E00E71FD6 /* Resources */ = {
			isa = PBXResourcesBuildPhase;
			buildActionMask = 2147483647;
			files = (
				996FAF322508FB6D00209228 /* SF-Pro-Display-Semibold.otf in Resources */,
				9905ABE4250254B80055B138 /* SF-Pro-Text-Regular.otf in Resources */,
				99AFBA7D24FC298E00E71FD6 /* SF-Pro-Display-Medium.otf in Resources */,
				99AFBA5324F80DA000E71FD6 /* LaunchScreen.storyboard in Resources */,
				9905ABE225024F5A0055B138 /* SF-Pro-Text-Semibold.otf in Resources */,
				99AFBA5024F80DA000E71FD6 /* Assets.xcassets in Resources */,
				994EF7162514ECFF009AA35B /* SF-Pro-Display-Bold.otf in Resources */,
				99E4A1C625091FBE003CA7C9 /* GoogleService-Info.plist in Resources */,
				99EFB562251567CD003A5D07 /* SF-Pro-Display-Regular.otf in Resources */,
				99EFB5602515638F003A5D07 /* SF-Pro-Text-Bold.otf in Resources */,
			);
			runOnlyForDeploymentPostprocessing = 0;
		};
		99AFBA5724F80DA000E71FD6 /* Resources */ = {
			isa = PBXResourcesBuildPhase;
			buildActionMask = 2147483647;
			files = (
			);
			runOnlyForDeploymentPostprocessing = 0;
		};
/* End PBXResourcesBuildPhase section */

/* Begin PBXShellScriptBuildPhase section */
		0C2F77A2F0039A5855D8C126 /* [CP] Check Pods Manifest.lock */ = {
			isa = PBXShellScriptBuildPhase;
			buildActionMask = 2147483647;
			files = (
			);
			inputFileListPaths = (
			);
			inputPaths = (
				"${PODS_PODFILE_DIR_PATH}/Podfile.lock",
				"${PODS_ROOT}/Manifest.lock",
			);
			name = "[CP] Check Pods Manifest.lock";
			outputFileListPaths = (
			);
			outputPaths = (
				"$(DERIVED_FILE_DIR)/Pods-Knitting_2_0Tests-checkManifestLockResult.txt",
			);
			runOnlyForDeploymentPostprocessing = 0;
			shellPath = /bin/sh;
			shellScript = "diff \"${PODS_PODFILE_DIR_PATH}/Podfile.lock\" \"${PODS_ROOT}/Manifest.lock\" > /dev/null\nif [ $? != 0 ] ; then\n    # print error to STDERR\n    echo \"error: The sandbox is not in sync with the Podfile.lock. Run 'pod install' or update your CocoaPods installation.\" >&2\n    exit 1\nfi\n# This output is used by Xcode 'outputs' to avoid re-running this script phase.\necho \"SUCCESS\" > \"${SCRIPT_OUTPUT_FILE_0}\"\n";
			showEnvVarsInLog = 0;
		};
		138198E4A14810DB49640DAB /* [CP] Check Pods Manifest.lock */ = {
			isa = PBXShellScriptBuildPhase;
			buildActionMask = 2147483647;
			files = (
			);
			inputFileListPaths = (
			);
			inputPaths = (
				"${PODS_PODFILE_DIR_PATH}/Podfile.lock",
				"${PODS_ROOT}/Manifest.lock",
			);
			name = "[CP] Check Pods Manifest.lock";
			outputFileListPaths = (
			);
			outputPaths = (
				"$(DERIVED_FILE_DIR)/Pods-Knitting_2_0-checkManifestLockResult.txt",
			);
			runOnlyForDeploymentPostprocessing = 0;
			shellPath = /bin/sh;
			shellScript = "diff \"${PODS_PODFILE_DIR_PATH}/Podfile.lock\" \"${PODS_ROOT}/Manifest.lock\" > /dev/null\nif [ $? != 0 ] ; then\n    # print error to STDERR\n    echo \"error: The sandbox is not in sync with the Podfile.lock. Run 'pod install' or update your CocoaPods installation.\" >&2\n    exit 1\nfi\n# This output is used by Xcode 'outputs' to avoid re-running this script phase.\necho \"SUCCESS\" > \"${SCRIPT_OUTPUT_FILE_0}\"\n";
			showEnvVarsInLog = 0;
		};
		A8FD8A1C7BA1C565C058E271 /* [CP] Embed Pods Frameworks */ = {
			isa = PBXShellScriptBuildPhase;
			buildActionMask = 2147483647;
			files = (
			);
			inputFileListPaths = (
				"${PODS_ROOT}/Target Support Files/Pods-Knitting_2_0/Pods-Knitting_2_0-frameworks-${CONFIGURATION}-input-files.xcfilelist",
			);
			name = "[CP] Embed Pods Frameworks";
			outputFileListPaths = (
				"${PODS_ROOT}/Target Support Files/Pods-Knitting_2_0/Pods-Knitting_2_0-frameworks-${CONFIGURATION}-output-files.xcfilelist",
			);
			runOnlyForDeploymentPostprocessing = 0;
			shellPath = /bin/sh;
			shellScript = "\"${PODS_ROOT}/Target Support Files/Pods-Knitting_2_0/Pods-Knitting_2_0-frameworks.sh\"\n";
			showEnvVarsInLog = 0;
		};
/* End PBXShellScriptBuildPhase section */

/* Begin PBXSourcesBuildPhase section */
		99AFBA3F24F80D9E00E71FD6 /* Sources */ = {
			isa = PBXSourcesBuildPhase;
			buildActionMask = 2147483647;
			files = (
				9959471E250A582B00D0E273 /* MUsers.swift in Sources */,
				998B9F89250C255600C0C52F /* MProjects.swift in Sources */,
				99594720250AD91F00D0E273 /* MainVC.swift in Sources */,
				99EF88B8251821F900C77181 /* NewProjectCardVM.swift in Sources */,
				99B509BC24FDB1D60046A2B1 /* UIViewExt.swift in Sources */,
				994EF7142514B424009AA35B /* SetionHeader.swift in Sources */,
				99EF88B42517F46E00C77181 /* SwipeableCollectionViewCellProtocol.swift in Sources */,
				99AFBA4B24F80D9E00E71FD6 /* RegistrationVC.swift in Sources */,
				998B9F85250BCAFA00C0C52F /* UIWindow.swift in Sources */,
				99AFBA7024F8121D00E71FD6 /* RegistrationVM.swift in Sources */,
				99EFB56425168A7E003A5D07 /* ProfileCardVC.swift in Sources */,
				99B2067A2504F10600FA6C50 /* EntryVC.swift in Sources */,
				998B9F87250C1E2B00C0C52F /* MainVM.swift in Sources */,
				998B9F91250D81BE00C0C52F /* SwipeableCell.swift in Sources */,
				99B206722504DD8B00FA6C50 /* LogInVC.swift in Sources */,
				99B206742504DDF700FA6C50 /* LogInVM.swift in Sources */,
				99AFBA4724F80D9E00E71FD6 /* AppDelegate.swift in Sources */,
				99EFB56625168AF5003A5D07 /* ProfileCardVM.swift in Sources */,
				996FAF2C2508245D00209228 /* EntryVM.swift in Sources */,
				998B9F8F250D817000C0C52F /* ProjectCell.swift in Sources */,
				99AFBA4924F80D9E00E71FD6 /* SceneDelegate.swift in Sources */,
				99EFB56A25177805003A5D07 /* CardViewAnimations.swift in Sources */,
				998B9F8B250C2FA100C0C52F /* ForgotPassVC.swift in Sources */,
				99AFBA7A24F9667F00E71FD6 /* Constants.swift in Sources */,
				99EFB56C25178D77003A5D07 /* NewProjectCardVC.swift in Sources */,
				998B9F8D250C2FBB00C0C52F /* ForgotPassVM.swift in Sources */,
				998B9F93250E1CD300C0C52F /* MSections.swift in Sources */,
				99EF88B62517F4AC00C77181 /* CardViewControllerProtocol.swift in Sources */,
			);
			runOnlyForDeploymentPostprocessing = 0;
		};
		99AFBA5524F80DA000E71FD6 /* Sources */ = {
			isa = PBXSourcesBuildPhase;
			buildActionMask = 2147483647;
			files = (
				99AFBA7324F8125A00E71FD6 /* ConstantsTests.swift in Sources */,
				99AFBA7824F819A100E71FD6 /* RegistrationVCTests.swift in Sources */,
				996FAF2E2508249400209228 /* EntryVCTests.swift in Sources */,
				99AFBA5E24F80DA000E71FD6 /* RegistrationVMTests.swift in Sources */,
				99B509BF24FDB2780046A2B1 /* UIViewExtentionsTests.swift in Sources */,
				996FAF30250824A300209228 /* EntryVMTests.swift in Sources */,
				99B206782504DF5700FA6C50 /* LogInVMTests.swift in Sources */,
				99B206762504DF3800FA6C50 /* LogInVCTests.swift in Sources */,
			);
			runOnlyForDeploymentPostprocessing = 0;
		};
/* End PBXSourcesBuildPhase section */

/* Begin PBXTargetDependency section */
		99AFBA5B24F80DA000E71FD6 /* PBXTargetDependency */ = {
			isa = PBXTargetDependency;
			target = 99AFBA4224F80D9E00E71FD6 /* Knitting_2_0 */;
			targetProxy = 99AFBA5A24F80DA000E71FD6 /* PBXContainerItemProxy */;
		};
/* End PBXTargetDependency section */

/* Begin PBXVariantGroup section */
		99AFBA5124F80DA000E71FD6 /* LaunchScreen.storyboard */ = {
			isa = PBXVariantGroup;
			children = (
				99AFBA5224F80DA000E71FD6 /* Base */,
			);
			name = LaunchScreen.storyboard;
			sourceTree = "<group>";
		};
/* End PBXVariantGroup section */

/* Begin XCBuildConfiguration section */
		99AFBA6024F80DA100E71FD6 /* Debug */ = {
			isa = XCBuildConfiguration;
			buildSettings = {
				ALWAYS_SEARCH_USER_PATHS = NO;
				CLANG_ANALYZER_NONNULL = YES;
				CLANG_ANALYZER_NUMBER_OBJECT_CONVERSION = YES_AGGRESSIVE;
				CLANG_CXX_LANGUAGE_STANDARD = "gnu++14";
				CLANG_CXX_LIBRARY = "libc++";
				CLANG_ENABLE_MODULES = YES;
				CLANG_ENABLE_OBJC_ARC = YES;
				CLANG_ENABLE_OBJC_WEAK = YES;
				CLANG_WARN_BLOCK_CAPTURE_AUTORELEASING = YES;
				CLANG_WARN_BOOL_CONVERSION = YES;
				CLANG_WARN_COMMA = YES;
				CLANG_WARN_CONSTANT_CONVERSION = YES;
				CLANG_WARN_DEPRECATED_OBJC_IMPLEMENTATIONS = YES;
				CLANG_WARN_DIRECT_OBJC_ISA_USAGE = YES_ERROR;
				CLANG_WARN_DOCUMENTATION_COMMENTS = YES;
				CLANG_WARN_EMPTY_BODY = YES;
				CLANG_WARN_ENUM_CONVERSION = YES;
				CLANG_WARN_INFINITE_RECURSION = YES;
				CLANG_WARN_INT_CONVERSION = YES;
				CLANG_WARN_NON_LITERAL_NULL_CONVERSION = YES;
				CLANG_WARN_OBJC_IMPLICIT_RETAIN_SELF = YES;
				CLANG_WARN_OBJC_LITERAL_CONVERSION = YES;
				CLANG_WARN_OBJC_ROOT_CLASS = YES_ERROR;
				CLANG_WARN_RANGE_LOOP_ANALYSIS = YES;
				CLANG_WARN_STRICT_PROTOTYPES = YES;
				CLANG_WARN_SUSPICIOUS_MOVE = YES;
				CLANG_WARN_UNGUARDED_AVAILABILITY = YES_AGGRESSIVE;
				CLANG_WARN_UNREACHABLE_CODE = YES;
				CLANG_WARN__DUPLICATE_METHOD_MATCH = YES;
				COPY_PHASE_STRIP = NO;
				DEBUG_INFORMATION_FORMAT = dwarf;
				ENABLE_STRICT_OBJC_MSGSEND = YES;
				ENABLE_TESTABILITY = YES;
				GCC_C_LANGUAGE_STANDARD = gnu11;
				GCC_DYNAMIC_NO_PIC = NO;
				GCC_NO_COMMON_BLOCKS = YES;
				GCC_OPTIMIZATION_LEVEL = 0;
				GCC_PREPROCESSOR_DEFINITIONS = (
					"DEBUG=1",
					"$(inherited)",
				);
				GCC_WARN_64_TO_32_BIT_CONVERSION = YES;
				GCC_WARN_ABOUT_RETURN_TYPE = YES_ERROR;
				GCC_WARN_UNDECLARED_SELECTOR = YES;
				GCC_WARN_UNINITIALIZED_AUTOS = YES_AGGRESSIVE;
				GCC_WARN_UNUSED_FUNCTION = YES;
				GCC_WARN_UNUSED_VARIABLE = YES;
				IPHONEOS_DEPLOYMENT_TARGET = 13.5;
				MTL_ENABLE_DEBUG_INFO = INCLUDE_SOURCE;
				MTL_FAST_MATH = YES;
				ONLY_ACTIVE_ARCH = YES;
				SDKROOT = iphoneos;
				SWIFT_ACTIVE_COMPILATION_CONDITIONS = DEBUG;
				SWIFT_OPTIMIZATION_LEVEL = "-Onone";
			};
			name = Debug;
		};
		99AFBA6124F80DA100E71FD6 /* Release */ = {
			isa = XCBuildConfiguration;
			buildSettings = {
				ALWAYS_SEARCH_USER_PATHS = NO;
				CLANG_ANALYZER_NONNULL = YES;
				CLANG_ANALYZER_NUMBER_OBJECT_CONVERSION = YES_AGGRESSIVE;
				CLANG_CXX_LANGUAGE_STANDARD = "gnu++14";
				CLANG_CXX_LIBRARY = "libc++";
				CLANG_ENABLE_MODULES = YES;
				CLANG_ENABLE_OBJC_ARC = YES;
				CLANG_ENABLE_OBJC_WEAK = YES;
				CLANG_WARN_BLOCK_CAPTURE_AUTORELEASING = YES;
				CLANG_WARN_BOOL_CONVERSION = YES;
				CLANG_WARN_COMMA = YES;
				CLANG_WARN_CONSTANT_CONVERSION = YES;
				CLANG_WARN_DEPRECATED_OBJC_IMPLEMENTATIONS = YES;
				CLANG_WARN_DIRECT_OBJC_ISA_USAGE = YES_ERROR;
				CLANG_WARN_DOCUMENTATION_COMMENTS = YES;
				CLANG_WARN_EMPTY_BODY = YES;
				CLANG_WARN_ENUM_CONVERSION = YES;
				CLANG_WARN_INFINITE_RECURSION = YES;
				CLANG_WARN_INT_CONVERSION = YES;
				CLANG_WARN_NON_LITERAL_NULL_CONVERSION = YES;
				CLANG_WARN_OBJC_IMPLICIT_RETAIN_SELF = YES;
				CLANG_WARN_OBJC_LITERAL_CONVERSION = YES;
				CLANG_WARN_OBJC_ROOT_CLASS = YES_ERROR;
				CLANG_WARN_RANGE_LOOP_ANALYSIS = YES;
				CLANG_WARN_STRICT_PROTOTYPES = YES;
				CLANG_WARN_SUSPICIOUS_MOVE = YES;
				CLANG_WARN_UNGUARDED_AVAILABILITY = YES_AGGRESSIVE;
				CLANG_WARN_UNREACHABLE_CODE = YES;
				CLANG_WARN__DUPLICATE_METHOD_MATCH = YES;
				COPY_PHASE_STRIP = NO;
				DEBUG_INFORMATION_FORMAT = "dwarf-with-dsym";
				ENABLE_NS_ASSERTIONS = NO;
				ENABLE_STRICT_OBJC_MSGSEND = YES;
				GCC_C_LANGUAGE_STANDARD = gnu11;
				GCC_NO_COMMON_BLOCKS = YES;
				GCC_WARN_64_TO_32_BIT_CONVERSION = YES;
				GCC_WARN_ABOUT_RETURN_TYPE = YES_ERROR;
				GCC_WARN_UNDECLARED_SELECTOR = YES;
				GCC_WARN_UNINITIALIZED_AUTOS = YES_AGGRESSIVE;
				GCC_WARN_UNUSED_FUNCTION = YES;
				GCC_WARN_UNUSED_VARIABLE = YES;
				IPHONEOS_DEPLOYMENT_TARGET = 13.5;
				MTL_ENABLE_DEBUG_INFO = NO;
				MTL_FAST_MATH = YES;
				SDKROOT = iphoneos;
				SWIFT_COMPILATION_MODE = wholemodule;
				SWIFT_OPTIMIZATION_LEVEL = "-O";
				VALIDATE_PRODUCT = YES;
			};
			name = Release;
		};
		99AFBA6324F80DA100E71FD6 /* Debug */ = {
			isa = XCBuildConfiguration;
			baseConfigurationReference = 561858D2B68D4F8584D13FB1 /* Pods-Knitting_2_0.debug.xcconfig */;
			buildSettings = {
				ASSETCATALOG_COMPILER_APPICON_NAME = AppIcon;
				CODE_SIGN_STYLE = Automatic;
				CURRENT_PROJECT_VERSION = 2;
				DEVELOPMENT_TEAM = JJC3HHT8LN;
				INFOPLIST_FILE = Knitting_2_0/Info.plist;
				LD_RUNPATH_SEARCH_PATHS = (
					"$(inherited)",
					"@executable_path/Frameworks",
				);
				MARKETING_VERSION = 1.01.01;
				PRODUCT_BUNDLE_IDENTIFIER = "ru.polykuzin.Knitting-2-0";
				PRODUCT_NAME = "$(TARGET_NAME)";
				SWIFT_VERSION = 5.0;
				TARGETED_DEVICE_FAMILY = 1;
			};
			name = Debug;
		};
		99AFBA6424F80DA100E71FD6 /* Release */ = {
			isa = XCBuildConfiguration;
			baseConfigurationReference = 8257CCB6BAEED5BDB6953A6E /* Pods-Knitting_2_0.release.xcconfig */;
			buildSettings = {
				ASSETCATALOG_COMPILER_APPICON_NAME = AppIcon;
				CODE_SIGN_STYLE = Automatic;
				CURRENT_PROJECT_VERSION = 2;
				DEVELOPMENT_TEAM = JJC3HHT8LN;
				INFOPLIST_FILE = Knitting_2_0/Info.plist;
				LD_RUNPATH_SEARCH_PATHS = (
					"$(inherited)",
					"@executable_path/Frameworks",
				);
				MARKETING_VERSION = 1.01.01;
				PRODUCT_BUNDLE_IDENTIFIER = "ru.polykuzin.Knitting-2-0";
				PRODUCT_NAME = "$(TARGET_NAME)";
				SWIFT_VERSION = 5.0;
				TARGETED_DEVICE_FAMILY = 1;
			};
			name = Release;
		};
		99AFBA6624F80DA100E71FD6 /* Debug */ = {
			isa = XCBuildConfiguration;
			baseConfigurationReference = E1676BB02479D45F64F22B54 /* Pods-Knitting_2_0Tests.debug.xcconfig */;
			buildSettings = {
				ALWAYS_EMBED_SWIFT_STANDARD_LIBRARIES = YES;
				BUNDLE_LOADER = "$(TEST_HOST)";
				CODE_SIGN_STYLE = Automatic;
				DEVELOPMENT_TEAM = JJC3HHT8LN;
				INFOPLIST_FILE = Knitting_2_0Tests/Info.plist;
				IPHONEOS_DEPLOYMENT_TARGET = 13.5;
				LD_RUNPATH_SEARCH_PATHS = (
					"$(inherited)",
					"@executable_path/Frameworks",
					"@loader_path/Frameworks",
				);
				PRODUCT_BUNDLE_IDENTIFIER = "ru.polykuzin.Knitting-2-0Tests";
				PRODUCT_NAME = "$(TARGET_NAME)";
				SWIFT_VERSION = 5.0;
				TARGETED_DEVICE_FAMILY = "1,2";
				TEST_HOST = "$(BUILT_PRODUCTS_DIR)/Knitting_2_0.app/Knitting_2_0";
			};
			name = Debug;
		};
		99AFBA6724F80DA100E71FD6 /* Release */ = {
			isa = XCBuildConfiguration;
			baseConfigurationReference = B63AB392BD94FD626BC5C223 /* Pods-Knitting_2_0Tests.release.xcconfig */;
			buildSettings = {
				ALWAYS_EMBED_SWIFT_STANDARD_LIBRARIES = YES;
				BUNDLE_LOADER = "$(TEST_HOST)";
				CODE_SIGN_STYLE = Automatic;
				DEVELOPMENT_TEAM = JJC3HHT8LN;
				INFOPLIST_FILE = Knitting_2_0Tests/Info.plist;
				IPHONEOS_DEPLOYMENT_TARGET = 13.5;
				LD_RUNPATH_SEARCH_PATHS = (
					"$(inherited)",
					"@executable_path/Frameworks",
					"@loader_path/Frameworks",
				);
				PRODUCT_BUNDLE_IDENTIFIER = "ru.polykuzin.Knitting-2-0Tests";
				PRODUCT_NAME = "$(TARGET_NAME)";
				SWIFT_VERSION = 5.0;
				TARGETED_DEVICE_FAMILY = "1,2";
				TEST_HOST = "$(BUILT_PRODUCTS_DIR)/Knitting_2_0.app/Knitting_2_0";
			};
			name = Release;
		};
/* End XCBuildConfiguration section */

/* Begin XCConfigurationList section */
		99AFBA3E24F80D9E00E71FD6 /* Build configuration list for PBXProject "Knitting_2_0" */ = {
			isa = XCConfigurationList;
			buildConfigurations = (
				99AFBA6024F80DA100E71FD6 /* Debug */,
				99AFBA6124F80DA100E71FD6 /* Release */,
			);
			defaultConfigurationIsVisible = 0;
			defaultConfigurationName = Release;
		};
		99AFBA6224F80DA100E71FD6 /* Build configuration list for PBXNativeTarget "Knitting_2_0" */ = {
			isa = XCConfigurationList;
			buildConfigurations = (
				99AFBA6324F80DA100E71FD6 /* Debug */,
				99AFBA6424F80DA100E71FD6 /* Release */,
			);
			defaultConfigurationIsVisible = 0;
			defaultConfigurationName = Release;
		};
		99AFBA6524F80DA100E71FD6 /* Build configuration list for PBXNativeTarget "Knitting_2_0Tests" */ = {
			isa = XCConfigurationList;
			buildConfigurations = (
				99AFBA6624F80DA100E71FD6 /* Debug */,
				99AFBA6724F80DA100E71FD6 /* Release */,
			);
			defaultConfigurationIsVisible = 0;
			defaultConfigurationName = Release;
		};
/* End XCConfigurationList section */
	};
	rootObject = 99AFBA3B24F80D9E00E71FD6 /* Project object */;
}
